// !$*UTF8*$!
{
	archiveVersion = 1;
	classes = {
	};
	objectVersion = 56;
	objects = {

/* Begin PBXBuildFile section */
		4A39C17FC704E642C3A3B558 /* Pods_InstagramClone_InstagramCloneUITests.framework in Frameworks */ = {isa = PBXBuildFile; fileRef = D2273647C17F79D48184265A /* Pods_InstagramClone_InstagramCloneUITests.framework */; };
		ABDE81847D9B1C73B23BAAD7 /* Pods_InstagramCloneTests.framework in Frameworks */ = {isa = PBXBuildFile; fileRef = 75046F8E9372276920294217 /* Pods_InstagramCloneTests.framework */; };
		B5087D252A2DC49800A62F42 /* StoryCVCell.swift in Sources */ = {isa = PBXBuildFile; fileRef = B5087D242A2DC49800A62F42 /* StoryCVCell.swift */; };
		B5087D272A2DE7AD00A62F42 /* ProfilePostTVCell.swift in Sources */ = {isa = PBXBuildFile; fileRef = B5087D262A2DE7AD00A62F42 /* ProfilePostTVCell.swift */; };
		B5087D292A2DED3A00A62F42 /* ProfilePostCVCell.swift in Sources */ = {isa = PBXBuildFile; fileRef = B5087D282A2DED3A00A62F42 /* ProfilePostCVCell.swift */; };
		B5087D2B2A2F171400A62F42 /* ShareType.swift in Sources */ = {isa = PBXBuildFile; fileRef = B5087D2A2A2F171400A62F42 /* ShareType.swift */; };
		B5087D2D2A2F934000A62F42 /* ProfileBackView.swift in Sources */ = {isa = PBXBuildFile; fileRef = B5087D2C2A2F934000A62F42 /* ProfileBackView.swift */; };
		B51206B62A320BB40009DB4B /* UIView+Extensions.swift in Sources */ = {isa = PBXBuildFile; fileRef = B51206B52A320BB40009DB4B /* UIView+Extensions.swift */; };
		B51F1E682A29C7F700499843 /* FirebaseAuthManager.swift in Sources */ = {isa = PBXBuildFile; fileRef = B51F1E672A29C7F600499843 /* FirebaseAuthManager.swift */; };
		B51F1E6A2A29E22100499843 /* RegisterError.swift in Sources */ = {isa = PBXBuildFile; fileRef = B51F1E692A29E22100499843 /* RegisterError.swift */; };
		B5299D8D29DAB7360085B22E /* LoginRegisterSubView.swift in Sources */ = {isa = PBXBuildFile; fileRef = B5299D8C29DAB7360085B22E /* LoginRegisterSubView.swift */; };
		B5299D8F29DABAEC0085B22E /* BaseStackView.swift in Sources */ = {isa = PBXBuildFile; fileRef = B5299D8E29DABAEC0085B22E /* BaseStackView.swift */; };
		B5299D9229DAC0C50085B22E /* RegisterVC.swift in Sources */ = {isa = PBXBuildFile; fileRef = B5299D9129DAC0C50085B22E /* RegisterVC.swift */; };
		B5299D9429DAC9630085B22E /* BaseButton.swift in Sources */ = {isa = PBXBuildFile; fileRef = B5299D9329DAC9630085B22E /* BaseButton.swift */; };
		B5299D9629DADD8E0085B22E /* GoogleService-Info.plist in Resources */ = {isa = PBXBuildFile; fileRef = B5299D9529DADD8E0085B22E /* GoogleService-Info.plist */; };
		B52AA0122A20ADB0003D9DDC /* BaseTableView.swift in Sources */ = {isa = PBXBuildFile; fileRef = B52AA0112A20ADB0003D9DDC /* BaseTableView.swift */; };
		B52AA0142A20AE66003D9DDC /* BaseTableViewCell.swift in Sources */ = {isa = PBXBuildFile; fileRef = B52AA0132A20AE66003D9DDC /* BaseTableViewCell.swift */; };
		B52AA0172A20B344003D9DDC /* HomeTVCell.swift in Sources */ = {isa = PBXBuildFile; fileRef = B52AA0162A20B344003D9DDC /* HomeTVCell.swift */; };
		B52AA01A2A20B740003D9DDC /* PostTopView.swift in Sources */ = {isa = PBXBuildFile; fileRef = B52AA0192A20B740003D9DDC /* PostTopView.swift */; };
		B52AA01C2A20B993003D9DDC /* HomeDS.swift in Sources */ = {isa = PBXBuildFile; fileRef = B52AA01B2A20B993003D9DDC /* HomeDS.swift */; };
		B52AA01E2A20BF4D003D9DDC /* PostMiddleView.swift in Sources */ = {isa = PBXBuildFile; fileRef = B52AA01D2A20BF4D003D9DDC /* PostMiddleView.swift */; };
		B52AA0202A20D475003D9DDC /* PostBottomView.swift in Sources */ = {isa = PBXBuildFile; fileRef = B52AA01F2A20D475003D9DDC /* PostBottomView.swift */; };
		B538C63D29FD513D0075AE9B /* BaseCollectionView.swift in Sources */ = {isa = PBXBuildFile; fileRef = B538C63C29FD513D0075AE9B /* BaseCollectionView.swift */; };
		B538C63F29FD51CD0075AE9B /* ViewCells+Extensions.swift in Sources */ = {isa = PBXBuildFile; fileRef = B538C63E29FD51CD0075AE9B /* ViewCells+Extensions.swift */; };
		B54CD6D529D5999C00AA1AE2 /* TabbarItem.swift in Sources */ = {isa = PBXBuildFile; fileRef = B54CD6D429D5999C00AA1AE2 /* TabbarItem.swift */; };
		B54CD6D729D599E300AA1AE2 /* NavBarType.swift in Sources */ = {isa = PBXBuildFile; fileRef = B54CD6D629D599E300AA1AE2 /* NavBarType.swift */; };
		B54CD6DA29D59A3300AA1AE2 /* BaseVC.swift in Sources */ = {isa = PBXBuildFile; fileRef = B54CD6D929D59A3300AA1AE2 /* BaseVC.swift */; };
		B54CD6DC29D5D7DB00AA1AE2 /* StateFullVM.swift in Sources */ = {isa = PBXBuildFile; fileRef = B54CD6DB29D5D7DB00AA1AE2 /* StateFullVM.swift */; };
		B54CD6DE29D5D87000AA1AE2 /* StateFulDS.swift in Sources */ = {isa = PBXBuildFile; fileRef = B54CD6DD29D5D87000AA1AE2 /* StateFulDS.swift */; };
		B55AB36C2A13C561000B3FC8 /* SharePostVC.swift in Sources */ = {isa = PBXBuildFile; fileRef = B55AB36B2A13C561000B3FC8 /* SharePostVC.swift */; };
		B55AB36E2A13C5A0000B3FC8 /* SharePostVM.swift in Sources */ = {isa = PBXBuildFile; fileRef = B55AB36D2A13C5A0000B3FC8 /* SharePostVM.swift */; };
		B562D3FF29D56EF000C56A2F /* AppDelegate.swift in Sources */ = {isa = PBXBuildFile; fileRef = B562D3FE29D56EF000C56A2F /* AppDelegate.swift */; };
		B562D40129D56EF000C56A2F /* SceneDelegate.swift in Sources */ = {isa = PBXBuildFile; fileRef = B562D40029D56EF000C56A2F /* SceneDelegate.swift */; };
		B562D40329D56EF000C56A2F /* ViewController.swift in Sources */ = {isa = PBXBuildFile; fileRef = B562D40229D56EF000C56A2F /* ViewController.swift */; };
		B562D40629D56EF000C56A2F /* Main.storyboard in Resources */ = {isa = PBXBuildFile; fileRef = B562D40429D56EF000C56A2F /* Main.storyboard */; };
		B562D40829D56EF100C56A2F /* Assets.xcassets in Resources */ = {isa = PBXBuildFile; fileRef = B562D40729D56EF100C56A2F /* Assets.xcassets */; };
		B562D40B29D56EF100C56A2F /* LaunchScreen.storyboard in Resources */ = {isa = PBXBuildFile; fileRef = B562D40929D56EF100C56A2F /* LaunchScreen.storyboard */; };
		B562D41629D56EF100C56A2F /* InstagramCloneTests.swift in Sources */ = {isa = PBXBuildFile; fileRef = B562D41529D56EF100C56A2F /* InstagramCloneTests.swift */; };
		B562D42029D56EF100C56A2F /* InstagramCloneUITests.swift in Sources */ = {isa = PBXBuildFile; fileRef = B562D41F29D56EF100C56A2F /* InstagramCloneUITests.swift */; };
		B562D42229D56EF100C56A2F /* InstagramCloneUITestsLaunchTests.swift in Sources */ = {isa = PBXBuildFile; fileRef = B562D42129D56EF100C56A2F /* InstagramCloneUITestsLaunchTests.swift */; };
		B563554729DAE93C00A8DCE2 /* BaseLabel.swift in Sources */ = {isa = PBXBuildFile; fileRef = B563554629DAE93C00A8DCE2 /* BaseLabel.swift */; };
		B563554A29DAEEED00A8DCE2 /* ValidationManager.swift in Sources */ = {isa = PBXBuildFile; fileRef = B563554929DAEEED00A8DCE2 /* ValidationManager.swift */; };
		B563554C29DAEF9100A8DCE2 /* String+Extensions.swift in Sources */ = {isa = PBXBuildFile; fileRef = B563554B29DAEF9100A8DCE2 /* String+Extensions.swift */; };
		B563554E29DAF04E00A8DCE2 /* Date+Extensions.swift in Sources */ = {isa = PBXBuildFile; fileRef = B563554D29DAF04E00A8DCE2 /* Date+Extensions.swift */; };
		B563555029DAF4BB00A8DCE2 /* RegisterVM.swift in Sources */ = {isa = PBXBuildFile; fileRef = B563554F29DAF4BB00A8DCE2 /* RegisterVM.swift */; };
		B563555229DB0EE100A8DCE2 /* TextField+Extension.swift in Sources */ = {isa = PBXBuildFile; fileRef = B563555129DB0EE100A8DCE2 /* TextField+Extension.swift */; };
		B564CE8D2A2C84FB00AE0851 /* ProfileVM.swift in Sources */ = {isa = PBXBuildFile; fileRef = B564CE8C2A2C84FB00AE0851 /* ProfileVM.swift */; };
		B564CE8F2A2C8E5700AE0851 /* ProfileTopView.swift in Sources */ = {isa = PBXBuildFile; fileRef = B564CE8E2A2C8E5700AE0851 /* ProfileTopView.swift */; };
		B564CE912A2CB0A100AE0851 /* ProfilDS.swift in Sources */ = {isa = PBXBuildFile; fileRef = B564CE902A2CB0A100AE0851 /* ProfilDS.swift */; };
		B564CE942A2CB59200AE0851 /* StoryTVCell.swift in Sources */ = {isa = PBXBuildFile; fileRef = B564CE932A2CB59200AE0851 /* StoryTVCell.swift */; };
		B581B8072A2A27E300B70A36 /* FirebasePostManager.swift in Sources */ = {isa = PBXBuildFile; fileRef = B581B8062A2A27E300B70A36 /* FirebasePostManager.swift */; };
		B581B8092A2A2E8D00B70A36 /* PostModel.swift in Sources */ = {isa = PBXBuildFile; fileRef = B581B8082A2A2E8D00B70A36 /* PostModel.swift */; };
		B582880029D6C42500C5DF5E /* UIApplication+Extensions.swift in Sources */ = {isa = PBXBuildFile; fileRef = B58287FF29D6C42500C5DF5E /* UIApplication+Extensions.swift */; };
		B582880229D6E1D000C5DF5E /* PostNavView.swift in Sources */ = {isa = PBXBuildFile; fileRef = B582880129D6E1D000C5DF5E /* PostNavView.swift */; };
		B582880429D6E45100C5DF5E /* BaseView.swift in Sources */ = {isa = PBXBuildFile; fileRef = B582880329D6E45100C5DF5E /* BaseView.swift */; };
		B5858EF12A0534C2009CBF7B /* PHAsset+extension.swift in Sources */ = {isa = PBXBuildFile; fileRef = B5858EF02A0534C2009CBF7B /* PHAsset+extension.swift */; };
		B5858EF32A0537C9009CBF7B /* PostCell.swift in Sources */ = {isa = PBXBuildFile; fileRef = B5858EF22A0537C9009CBF7B /* PostCell.swift */; };
		B5858EF52A05423B009CBF7B /* BaseCollectionViewCell.swift in Sources */ = {isa = PBXBuildFile; fileRef = B5858EF42A05423B009CBF7B /* BaseCollectionViewCell.swift */; };
		B5858EF82A054332009CBF7B /* BaseImageView.swift in Sources */ = {isa = PBXBuildFile; fileRef = B5858EF72A054332009CBF7B /* BaseImageView.swift */; };
		B5859A8D29DC4D4C001D2836 /* AlertVC.swift in Sources */ = {isa = PBXBuildFile; fileRef = B5859A8C29DC4D4C001D2836 /* AlertVC.swift */; };
		B5859A8F29DC518C001D2836 /* AlertView.swift in Sources */ = {isa = PBXBuildFile; fileRef = B5859A8E29DC518C001D2836 /* AlertView.swift */; };
		B5859A9129DC5A92001D2836 /* AlertManager.swift in Sources */ = {isa = PBXBuildFile; fileRef = B5859A9029DC5A92001D2836 /* AlertManager.swift */; };
		B5865CAB29D572FC0046D0B6 /* TabbarVC.swift in Sources */ = {isa = PBXBuildFile; fileRef = B5865CAA29D572FC0046D0B6 /* TabbarVC.swift */; };
		B5865CB229D5774D0046D0B6 /* HomeVC.swift in Sources */ = {isa = PBXBuildFile; fileRef = B5865CB129D5774D0046D0B6 /* HomeVC.swift */; };
		B5865CB529D577740046D0B6 /* SearchVC.swift in Sources */ = {isa = PBXBuildFile; fileRef = B5865CB429D577740046D0B6 /* SearchVC.swift */; };
		B5865CB729D5779C0046D0B6 /* NotificationsVC.swift in Sources */ = {isa = PBXBuildFile; fileRef = B5865CB629D5779C0046D0B6 /* NotificationsVC.swift */; };
		B5865CB929D577BB0046D0B6 /* ProfileVC.swift in Sources */ = {isa = PBXBuildFile; fileRef = B5865CB829D577BB0046D0B6 /* ProfileVC.swift */; };
		B5865CBC29D577E10046D0B6 /* ChoosePostVC.swift in Sources */ = {isa = PBXBuildFile; fileRef = B5865CBB29D577E10046D0B6 /* ChoosePostVC.swift */; };
		B58A3E5B2A305191005AFBF1 /* FetchError.swift in Sources */ = {isa = PBXBuildFile; fileRef = B58A3E5A2A305191005AFBF1 /* FetchError.swift */; };
		B58A3E5D2A3080B0005AFBF1 /* UIColor+Extensions.swift in Sources */ = {isa = PBXBuildFile; fileRef = B58A3E5C2A3080B0005AFBF1 /* UIColor+Extensions.swift */; };
		B5A2930929E6A51300D04542 /* UserDefaultsManager.swift in Sources */ = {isa = PBXBuildFile; fileRef = B5A2930829E6A51300D04542 /* UserDefaultsManager.swift */; };
		B5A2930B29E6A54400D04542 /* Defs.swift in Sources */ = {isa = PBXBuildFile; fileRef = B5A2930A29E6A54400D04542 /* Defs.swift */; };
		B5A2930D29E6D7F100D04542 /* HomeVM.swift in Sources */ = {isa = PBXBuildFile; fileRef = B5A2930C29E6D7F100D04542 /* HomeVM.swift */; };
		B5A2930F29E6DA5100D04542 /* DefsUserModel.swift in Sources */ = {isa = PBXBuildFile; fileRef = B5A2930E29E6DA5100D04542 /* DefsUserModel.swift */; };
		B5A2931129E6DA6E00D04542 /* RegisterModel.swift in Sources */ = {isa = PBXBuildFile; fileRef = B5A2931029E6DA6E00D04542 /* RegisterModel.swift */; };
		B5A2931329E6F9BF00D04542 /* ChoosePostVM.swift in Sources */ = {isa = PBXBuildFile; fileRef = B5A2931229E6F9BF00D04542 /* ChoosePostVM.swift */; };
		B5A2931529E6FB6900D04542 /* ChoosePostDS.swift in Sources */ = {isa = PBXBuildFile; fileRef = B5A2931429E6FB6900D04542 /* ChoosePostDS.swift */; };
		B5BCEFD829E7243B0066325B /* PostButtonsView.swift in Sources */ = {isa = PBXBuildFile; fileRef = B5BCEFD729E7243B0066325B /* PostButtonsView.swift */; };
		B5BCEFDA29E72FD30066325B /* TabbarVM.swift in Sources */ = {isa = PBXBuildFile; fileRef = B5BCEFD929E72FD30066325B /* TabbarVM.swift */; };
		B5BCEFDC29E730EB0066325B /* TabbarDS.swift in Sources */ = {isa = PBXBuildFile; fileRef = B5BCEFDB29E730EB0066325B /* TabbarDS.swift */; };
		B5C2FC0F29E694AA002117FF /* LoginVM.swift in Sources */ = {isa = PBXBuildFile; fileRef = B5C2FC0E29E694AA002117FF /* LoginVM.swift */; };
		B5C8FAA829D6F959004E9531 /* LoginVC.swift in Sources */ = {isa = PBXBuildFile; fileRef = B5C8FAA729D6F959004E9531 /* LoginVC.swift */; };
		B5C8FAAA29D6FAAE004E9531 /* BaseTextField.swift in Sources */ = {isa = PBXBuildFile; fileRef = B5C8FAA929D6FAAE004E9531 /* BaseTextField.swift */; };
		B5C8FAAC29D6FCEA004E9531 /* TextFieldType.swift in Sources */ = {isa = PBXBuildFile; fileRef = B5C8FAAB29D6FCEA004E9531 /* TextFieldType.swift */; };
		B5C8FAB029D6FFC4004E9531 /* CGFloat+Extensions.swift in Sources */ = {isa = PBXBuildFile; fileRef = B5C8FAAF29D6FFC4004E9531 /* CGFloat+Extensions.swift */; };
		B5C8FAB229D71F9D004E9531 /* SocialLoginButton.swift in Sources */ = {isa = PBXBuildFile; fileRef = B5C8FAB129D71F9D004E9531 /* SocialLoginButton.swift */; };
		B5E1D5EC2A33004900EA59D3 /* PresentPostVC.swift in Sources */ = {isa = PBXBuildFile; fileRef = B5E1D5EB2A33004900EA59D3 /* PresentPostVC.swift */; };
		B5E1D5EE2A3308BE00EA59D3 /* PresentPostVM.swift in Sources */ = {isa = PBXBuildFile; fileRef = B5E1D5ED2A3308BE00EA59D3 /* PresentPostVM.swift */; };
		B5E1D5F12A33095100EA59D3 /* PresentPostDS.swift in Sources */ = {isa = PBXBuildFile; fileRef = B5E1D5F02A33095100EA59D3 /* PresentPostDS.swift */; };
		B5E1D5F32A33345100EA59D3 /* ProfilSection.swift in Sources */ = {isa = PBXBuildFile; fileRef = B5E1D5F22A33345100EA59D3 /* ProfilSection.swift */; };
		B5E1D5F52A33388300EA59D3 /* HomeCase.swift in Sources */ = {isa = PBXBuildFile; fileRef = B5E1D5F42A33388300EA59D3 /* HomeCase.swift */; };
		B5E1D5F72A335B6C00EA59D3 /* ProfilType.swift in Sources */ = {isa = PBXBuildFile; fileRef = B5E1D5F62A335B6C00EA59D3 /* ProfilType.swift */; };
		B5EA9E0329E97AAD00D52999 /* NotificationName+extenseion.swift in Sources */ = {isa = PBXBuildFile; fileRef = B5EA9E0229E97AAD00D52999 /* NotificationName+extenseion.swift */; };
		B5F7DF152A2A0897003D310D /* UserDataType.swift in Sources */ = {isa = PBXBuildFile; fileRef = B5F7DF142A2A0897003D310D /* UserDataType.swift */; };
		B5F9E8122A1E8D0600B1DC15 /* BaseTextView.swift in Sources */ = {isa = PBXBuildFile; fileRef = B5F9E8112A1E8D0600B1DC15 /* BaseTextView.swift */; };
		B5F9E8142A1E8DE200B1DC15 /* TextType.swift in Sources */ = {isa = PBXBuildFile; fileRef = B5F9E8132A1E8DE200B1DC15 /* TextType.swift */; };
		F16D93CEF3440E3DD54620CA /* Pods_InstagramClone.framework in Frameworks */ = {isa = PBXBuildFile; fileRef = 4088005353B807D7CFAF4607 /* Pods_InstagramClone.framework */; };
/* End PBXBuildFile section */

/* Begin PBXContainerItemProxy section */
		B562D41229D56EF100C56A2F /* PBXContainerItemProxy */ = {
			isa = PBXContainerItemProxy;
			containerPortal = B562D3F329D56EF000C56A2F /* Project object */;
			proxyType = 1;
			remoteGlobalIDString = B562D3FA29D56EF000C56A2F;
			remoteInfo = InstagramClone;
		};
		B562D41C29D56EF100C56A2F /* PBXContainerItemProxy */ = {
			isa = PBXContainerItemProxy;
			containerPortal = B562D3F329D56EF000C56A2F /* Project object */;
			proxyType = 1;
			remoteGlobalIDString = B562D3FA29D56EF000C56A2F;
			remoteInfo = InstagramClone;
		};
/* End PBXContainerItemProxy section */

/* Begin PBXFileReference section */
		1A48D74AB92AA3B5E15995D8 /* Pods-InstagramClone-InstagramCloneUITests.release.xcconfig */ = {isa = PBXFileReference; includeInIndex = 1; lastKnownFileType = text.xcconfig; name = "Pods-InstagramClone-InstagramCloneUITests.release.xcconfig"; path = "Target Support Files/Pods-InstagramClone-InstagramCloneUITests/Pods-InstagramClone-InstagramCloneUITests.release.xcconfig"; sourceTree = "<group>"; };
		4088005353B807D7CFAF4607 /* Pods_InstagramClone.framework */ = {isa = PBXFileReference; explicitFileType = wrapper.framework; includeInIndex = 0; path = Pods_InstagramClone.framework; sourceTree = BUILT_PRODUCTS_DIR; };
		75046F8E9372276920294217 /* Pods_InstagramCloneTests.framework */ = {isa = PBXFileReference; explicitFileType = wrapper.framework; includeInIndex = 0; path = Pods_InstagramCloneTests.framework; sourceTree = BUILT_PRODUCTS_DIR; };
		7EF64EB41F50D7D6769C4DE7 /* Pods-InstagramClone.release.xcconfig */ = {isa = PBXFileReference; includeInIndex = 1; lastKnownFileType = text.xcconfig; name = "Pods-InstagramClone.release.xcconfig"; path = "Target Support Files/Pods-InstagramClone/Pods-InstagramClone.release.xcconfig"; sourceTree = "<group>"; };
		B5087D242A2DC49800A62F42 /* StoryCVCell.swift */ = {isa = PBXFileReference; lastKnownFileType = sourcecode.swift; path = StoryCVCell.swift; sourceTree = "<group>"; };
		B5087D262A2DE7AD00A62F42 /* ProfilePostTVCell.swift */ = {isa = PBXFileReference; lastKnownFileType = sourcecode.swift; path = ProfilePostTVCell.swift; sourceTree = "<group>"; };
		B5087D282A2DED3A00A62F42 /* ProfilePostCVCell.swift */ = {isa = PBXFileReference; lastKnownFileType = sourcecode.swift; path = ProfilePostCVCell.swift; sourceTree = "<group>"; };
		B5087D2A2A2F171400A62F42 /* ShareType.swift */ = {isa = PBXFileReference; lastKnownFileType = sourcecode.swift; path = ShareType.swift; sourceTree = "<group>"; };
		B5087D2C2A2F934000A62F42 /* ProfileBackView.swift */ = {isa = PBXFileReference; lastKnownFileType = sourcecode.swift; path = ProfileBackView.swift; sourceTree = "<group>"; };
		B51206B52A320BB40009DB4B /* UIView+Extensions.swift */ = {isa = PBXFileReference; lastKnownFileType = sourcecode.swift; path = "UIView+Extensions.swift"; sourceTree = "<group>"; };
		B51F1E672A29C7F600499843 /* FirebaseAuthManager.swift */ = {isa = PBXFileReference; lastKnownFileType = sourcecode.swift; path = FirebaseAuthManager.swift; sourceTree = "<group>"; };
		B51F1E692A29E22100499843 /* RegisterError.swift */ = {isa = PBXFileReference; lastKnownFileType = sourcecode.swift; path = RegisterError.swift; sourceTree = "<group>"; };
		B5299D8C29DAB7360085B22E /* LoginRegisterSubView.swift */ = {isa = PBXFileReference; lastKnownFileType = sourcecode.swift; path = LoginRegisterSubView.swift; sourceTree = "<group>"; };
		B5299D8E29DABAEC0085B22E /* BaseStackView.swift */ = {isa = PBXFileReference; lastKnownFileType = sourcecode.swift; path = BaseStackView.swift; sourceTree = "<group>"; };
		B5299D9129DAC0C50085B22E /* RegisterVC.swift */ = {isa = PBXFileReference; lastKnownFileType = sourcecode.swift; path = RegisterVC.swift; sourceTree = "<group>"; };
		B5299D9329DAC9630085B22E /* BaseButton.swift */ = {isa = PBXFileReference; lastKnownFileType = sourcecode.swift; path = BaseButton.swift; sourceTree = "<group>"; };
		B5299D9529DADD8E0085B22E /* GoogleService-Info.plist */ = {isa = PBXFileReference; fileEncoding = 4; lastKnownFileType = text.plist.xml; path = "GoogleService-Info.plist"; sourceTree = "<group>"; };
		B52AA0112A20ADB0003D9DDC /* BaseTableView.swift */ = {isa = PBXFileReference; lastKnownFileType = sourcecode.swift; path = BaseTableView.swift; sourceTree = "<group>"; };
		B52AA0132A20AE66003D9DDC /* BaseTableViewCell.swift */ = {isa = PBXFileReference; lastKnownFileType = sourcecode.swift; path = BaseTableViewCell.swift; sourceTree = "<group>"; };
		B52AA0162A20B344003D9DDC /* HomeTVCell.swift */ = {isa = PBXFileReference; lastKnownFileType = sourcecode.swift; path = HomeTVCell.swift; sourceTree = "<group>"; };
		B52AA0192A20B740003D9DDC /* PostTopView.swift */ = {isa = PBXFileReference; lastKnownFileType = sourcecode.swift; path = PostTopView.swift; sourceTree = "<group>"; };
		B52AA01B2A20B993003D9DDC /* HomeDS.swift */ = {isa = PBXFileReference; lastKnownFileType = sourcecode.swift; path = HomeDS.swift; sourceTree = "<group>"; };
		B52AA01D2A20BF4D003D9DDC /* PostMiddleView.swift */ = {isa = PBXFileReference; lastKnownFileType = sourcecode.swift; path = PostMiddleView.swift; sourceTree = "<group>"; };
		B52AA01F2A20D475003D9DDC /* PostBottomView.swift */ = {isa = PBXFileReference; lastKnownFileType = sourcecode.swift; path = PostBottomView.swift; sourceTree = "<group>"; };
		B538C63C29FD513D0075AE9B /* BaseCollectionView.swift */ = {isa = PBXFileReference; lastKnownFileType = sourcecode.swift; path = BaseCollectionView.swift; sourceTree = "<group>"; };
		B538C63E29FD51CD0075AE9B /* ViewCells+Extensions.swift */ = {isa = PBXFileReference; lastKnownFileType = sourcecode.swift; path = "ViewCells+Extensions.swift"; sourceTree = "<group>"; };
		B54CD6D429D5999C00AA1AE2 /* TabbarItem.swift */ = {isa = PBXFileReference; lastKnownFileType = sourcecode.swift; path = TabbarItem.swift; sourceTree = "<group>"; };
		B54CD6D629D599E300AA1AE2 /* NavBarType.swift */ = {isa = PBXFileReference; lastKnownFileType = sourcecode.swift; path = NavBarType.swift; sourceTree = "<group>"; };
		B54CD6D929D59A3300AA1AE2 /* BaseVC.swift */ = {isa = PBXFileReference; lastKnownFileType = sourcecode.swift; path = BaseVC.swift; sourceTree = "<group>"; };
		B54CD6DB29D5D7DB00AA1AE2 /* StateFullVM.swift */ = {isa = PBXFileReference; lastKnownFileType = sourcecode.swift; path = StateFullVM.swift; sourceTree = "<group>"; };
		B54CD6DD29D5D87000AA1AE2 /* StateFulDS.swift */ = {isa = PBXFileReference; lastKnownFileType = sourcecode.swift; path = StateFulDS.swift; sourceTree = "<group>"; };
		B55AB36B2A13C561000B3FC8 /* SharePostVC.swift */ = {isa = PBXFileReference; lastKnownFileType = sourcecode.swift; path = SharePostVC.swift; sourceTree = "<group>"; };
		B55AB36D2A13C5A0000B3FC8 /* SharePostVM.swift */ = {isa = PBXFileReference; lastKnownFileType = sourcecode.swift; path = SharePostVM.swift; sourceTree = "<group>"; };
		B562D3FB29D56EF000C56A2F /* InstagramClone.app */ = {isa = PBXFileReference; explicitFileType = wrapper.application; includeInIndex = 0; path = InstagramClone.app; sourceTree = BUILT_PRODUCTS_DIR; };
		B562D3FE29D56EF000C56A2F /* AppDelegate.swift */ = {isa = PBXFileReference; lastKnownFileType = sourcecode.swift; path = AppDelegate.swift; sourceTree = "<group>"; };
		B562D40029D56EF000C56A2F /* SceneDelegate.swift */ = {isa = PBXFileReference; lastKnownFileType = sourcecode.swift; path = SceneDelegate.swift; sourceTree = "<group>"; };
		B562D40229D56EF000C56A2F /* ViewController.swift */ = {isa = PBXFileReference; lastKnownFileType = sourcecode.swift; path = ViewController.swift; sourceTree = "<group>"; };
		B562D40529D56EF000C56A2F /* Base */ = {isa = PBXFileReference; lastKnownFileType = file.storyboard; name = Base; path = Base.lproj/Main.storyboard; sourceTree = "<group>"; };
		B562D40729D56EF100C56A2F /* Assets.xcassets */ = {isa = PBXFileReference; lastKnownFileType = folder.assetcatalog; path = Assets.xcassets; sourceTree = "<group>"; };
		B562D40A29D56EF100C56A2F /* Base */ = {isa = PBXFileReference; lastKnownFileType = file.storyboard; name = Base; path = Base.lproj/LaunchScreen.storyboard; sourceTree = "<group>"; };
		B562D40C29D56EF100C56A2F /* Info.plist */ = {isa = PBXFileReference; lastKnownFileType = text.plist.xml; path = Info.plist; sourceTree = "<group>"; };
		B562D41129D56EF100C56A2F /* InstagramCloneTests.xctest */ = {isa = PBXFileReference; explicitFileType = wrapper.cfbundle; includeInIndex = 0; path = InstagramCloneTests.xctest; sourceTree = BUILT_PRODUCTS_DIR; };
		B562D41529D56EF100C56A2F /* InstagramCloneTests.swift */ = {isa = PBXFileReference; lastKnownFileType = sourcecode.swift; path = InstagramCloneTests.swift; sourceTree = "<group>"; };
		B562D41B29D56EF100C56A2F /* InstagramCloneUITests.xctest */ = {isa = PBXFileReference; explicitFileType = wrapper.cfbundle; includeInIndex = 0; path = InstagramCloneUITests.xctest; sourceTree = BUILT_PRODUCTS_DIR; };
		B562D41F29D56EF100C56A2F /* InstagramCloneUITests.swift */ = {isa = PBXFileReference; lastKnownFileType = sourcecode.swift; path = InstagramCloneUITests.swift; sourceTree = "<group>"; };
		B562D42129D56EF100C56A2F /* InstagramCloneUITestsLaunchTests.swift */ = {isa = PBXFileReference; lastKnownFileType = sourcecode.swift; path = InstagramCloneUITestsLaunchTests.swift; sourceTree = "<group>"; };
		B563554629DAE93C00A8DCE2 /* BaseLabel.swift */ = {isa = PBXFileReference; lastKnownFileType = sourcecode.swift; path = BaseLabel.swift; sourceTree = "<group>"; };
		B563554929DAEEED00A8DCE2 /* ValidationManager.swift */ = {isa = PBXFileReference; lastKnownFileType = sourcecode.swift; path = ValidationManager.swift; sourceTree = "<group>"; };
		B563554B29DAEF9100A8DCE2 /* String+Extensions.swift */ = {isa = PBXFileReference; lastKnownFileType = sourcecode.swift; path = "String+Extensions.swift"; sourceTree = "<group>"; };
		B563554D29DAF04E00A8DCE2 /* Date+Extensions.swift */ = {isa = PBXFileReference; lastKnownFileType = sourcecode.swift; path = "Date+Extensions.swift"; sourceTree = "<group>"; };
		B563554F29DAF4BB00A8DCE2 /* RegisterVM.swift */ = {isa = PBXFileReference; lastKnownFileType = sourcecode.swift; path = RegisterVM.swift; sourceTree = "<group>"; };
		B563555129DB0EE100A8DCE2 /* TextField+Extension.swift */ = {isa = PBXFileReference; lastKnownFileType = sourcecode.swift; path = "TextField+Extension.swift"; sourceTree = "<group>"; };
		B564CE8C2A2C84FB00AE0851 /* ProfileVM.swift */ = {isa = PBXFileReference; lastKnownFileType = sourcecode.swift; path = ProfileVM.swift; sourceTree = "<group>"; };
		B564CE8E2A2C8E5700AE0851 /* ProfileTopView.swift */ = {isa = PBXFileReference; lastKnownFileType = sourcecode.swift; path = ProfileTopView.swift; sourceTree = "<group>"; };
		B564CE902A2CB0A100AE0851 /* ProfilDS.swift */ = {isa = PBXFileReference; lastKnownFileType = sourcecode.swift; path = ProfilDS.swift; sourceTree = "<group>"; };
		B564CE932A2CB59200AE0851 /* StoryTVCell.swift */ = {isa = PBXFileReference; lastKnownFileType = sourcecode.swift; path = StoryTVCell.swift; sourceTree = "<group>"; };
		B581B8062A2A27E300B70A36 /* FirebasePostManager.swift */ = {isa = PBXFileReference; lastKnownFileType = sourcecode.swift; path = FirebasePostManager.swift; sourceTree = "<group>"; };
		B581B8082A2A2E8D00B70A36 /* PostModel.swift */ = {isa = PBXFileReference; lastKnownFileType = sourcecode.swift; path = PostModel.swift; sourceTree = "<group>"; };
		B58287FF29D6C42500C5DF5E /* UIApplication+Extensions.swift */ = {isa = PBXFileReference; lastKnownFileType = sourcecode.swift; path = "UIApplication+Extensions.swift"; sourceTree = "<group>"; };
		B582880129D6E1D000C5DF5E /* PostNavView.swift */ = {isa = PBXFileReference; lastKnownFileType = sourcecode.swift; path = PostNavView.swift; sourceTree = "<group>"; };
		B582880329D6E45100C5DF5E /* BaseView.swift */ = {isa = PBXFileReference; lastKnownFileType = sourcecode.swift; path = BaseView.swift; sourceTree = "<group>"; };
		B5858EF02A0534C2009CBF7B /* PHAsset+extension.swift */ = {isa = PBXFileReference; lastKnownFileType = sourcecode.swift; path = "PHAsset+extension.swift"; sourceTree = "<group>"; };
		B5858EF22A0537C9009CBF7B /* PostCell.swift */ = {isa = PBXFileReference; lastKnownFileType = sourcecode.swift; path = PostCell.swift; sourceTree = "<group>"; };
		B5858EF42A05423B009CBF7B /* BaseCollectionViewCell.swift */ = {isa = PBXFileReference; lastKnownFileType = sourcecode.swift; path = BaseCollectionViewCell.swift; sourceTree = "<group>"; };
		B5858EF72A054332009CBF7B /* BaseImageView.swift */ = {isa = PBXFileReference; lastKnownFileType = sourcecode.swift; path = BaseImageView.swift; sourceTree = "<group>"; };
		B5859A8C29DC4D4C001D2836 /* AlertVC.swift */ = {isa = PBXFileReference; lastKnownFileType = sourcecode.swift; path = AlertVC.swift; sourceTree = "<group>"; };
		B5859A8E29DC518C001D2836 /* AlertView.swift */ = {isa = PBXFileReference; lastKnownFileType = sourcecode.swift; path = AlertView.swift; sourceTree = "<group>"; };
		B5859A9029DC5A92001D2836 /* AlertManager.swift */ = {isa = PBXFileReference; lastKnownFileType = sourcecode.swift; path = AlertManager.swift; sourceTree = "<group>"; };
		B5865CAA29D572FC0046D0B6 /* TabbarVC.swift */ = {isa = PBXFileReference; lastKnownFileType = sourcecode.swift; path = TabbarVC.swift; sourceTree = "<group>"; };
		B5865CB129D5774D0046D0B6 /* HomeVC.swift */ = {isa = PBXFileReference; lastKnownFileType = sourcecode.swift; path = HomeVC.swift; sourceTree = "<group>"; };
		B5865CB429D577740046D0B6 /* SearchVC.swift */ = {isa = PBXFileReference; lastKnownFileType = sourcecode.swift; path = SearchVC.swift; sourceTree = "<group>"; };
		B5865CB629D5779C0046D0B6 /* NotificationsVC.swift */ = {isa = PBXFileReference; lastKnownFileType = sourcecode.swift; path = NotificationsVC.swift; sourceTree = "<group>"; };
		B5865CB829D577BB0046D0B6 /* ProfileVC.swift */ = {isa = PBXFileReference; lastKnownFileType = sourcecode.swift; path = ProfileVC.swift; sourceTree = "<group>"; };
		B5865CBB29D577E10046D0B6 /* ChoosePostVC.swift */ = {isa = PBXFileReference; lastKnownFileType = sourcecode.swift; path = ChoosePostVC.swift; sourceTree = "<group>"; };
		B58A3E5A2A305191005AFBF1 /* FetchError.swift */ = {isa = PBXFileReference; lastKnownFileType = sourcecode.swift; path = FetchError.swift; sourceTree = "<group>"; };
		B58A3E5C2A3080B0005AFBF1 /* UIColor+Extensions.swift */ = {isa = PBXFileReference; lastKnownFileType = sourcecode.swift; path = "UIColor+Extensions.swift"; sourceTree = "<group>"; };
		B5A2930829E6A51300D04542 /* UserDefaultsManager.swift */ = {isa = PBXFileReference; lastKnownFileType = sourcecode.swift; path = UserDefaultsManager.swift; sourceTree = "<group>"; };
		B5A2930A29E6A54400D04542 /* Defs.swift */ = {isa = PBXFileReference; lastKnownFileType = sourcecode.swift; path = Defs.swift; sourceTree = "<group>"; };
		B5A2930C29E6D7F100D04542 /* HomeVM.swift */ = {isa = PBXFileReference; lastKnownFileType = sourcecode.swift; path = HomeVM.swift; sourceTree = "<group>"; };
		B5A2930E29E6DA5100D04542 /* DefsUserModel.swift */ = {isa = PBXFileReference; lastKnownFileType = sourcecode.swift; path = DefsUserModel.swift; sourceTree = "<group>"; };
		B5A2931029E6DA6E00D04542 /* RegisterModel.swift */ = {isa = PBXFileReference; lastKnownFileType = sourcecode.swift; path = RegisterModel.swift; sourceTree = "<group>"; };
		B5A2931229E6F9BF00D04542 /* ChoosePostVM.swift */ = {isa = PBXFileReference; lastKnownFileType = sourcecode.swift; path = ChoosePostVM.swift; sourceTree = "<group>"; };
		B5A2931429E6FB6900D04542 /* ChoosePostDS.swift */ = {isa = PBXFileReference; lastKnownFileType = sourcecode.swift; path = ChoosePostDS.swift; sourceTree = "<group>"; };
		B5BCEFD729E7243B0066325B /* PostButtonsView.swift */ = {isa = PBXFileReference; lastKnownFileType = sourcecode.swift; path = PostButtonsView.swift; sourceTree = "<group>"; };
		B5BCEFD929E72FD30066325B /* TabbarVM.swift */ = {isa = PBXFileReference; lastKnownFileType = sourcecode.swift; path = TabbarVM.swift; sourceTree = "<group>"; };
		B5BCEFDB29E730EB0066325B /* TabbarDS.swift */ = {isa = PBXFileReference; lastKnownFileType = sourcecode.swift; path = TabbarDS.swift; sourceTree = "<group>"; };
		B5C2FC0E29E694AA002117FF /* LoginVM.swift */ = {isa = PBXFileReference; lastKnownFileType = sourcecode.swift; path = LoginVM.swift; sourceTree = "<group>"; };
		B5C8FAA729D6F959004E9531 /* LoginVC.swift */ = {isa = PBXFileReference; lastKnownFileType = sourcecode.swift; path = LoginVC.swift; sourceTree = "<group>"; };
		B5C8FAA929D6FAAE004E9531 /* BaseTextField.swift */ = {isa = PBXFileReference; lastKnownFileType = sourcecode.swift; path = BaseTextField.swift; sourceTree = "<group>"; };
		B5C8FAAB29D6FCEA004E9531 /* TextFieldType.swift */ = {isa = PBXFileReference; lastKnownFileType = sourcecode.swift; path = TextFieldType.swift; sourceTree = "<group>"; };
		B5C8FAAF29D6FFC4004E9531 /* CGFloat+Extensions.swift */ = {isa = PBXFileReference; lastKnownFileType = sourcecode.swift; path = "CGFloat+Extensions.swift"; sourceTree = "<group>"; };
		B5C8FAB129D71F9D004E9531 /* SocialLoginButton.swift */ = {isa = PBXFileReference; lastKnownFileType = sourcecode.swift; path = SocialLoginButton.swift; sourceTree = "<group>"; };
		B5E1D5EB2A33004900EA59D3 /* PresentPostVC.swift */ = {isa = PBXFileReference; lastKnownFileType = sourcecode.swift; path = PresentPostVC.swift; sourceTree = "<group>"; };
		B5E1D5ED2A3308BE00EA59D3 /* PresentPostVM.swift */ = {isa = PBXFileReference; lastKnownFileType = sourcecode.swift; path = PresentPostVM.swift; sourceTree = "<group>"; };
		B5E1D5F02A33095100EA59D3 /* PresentPostDS.swift */ = {isa = PBXFileReference; lastKnownFileType = sourcecode.swift; path = PresentPostDS.swift; sourceTree = "<group>"; };
		B5E1D5F22A33345100EA59D3 /* ProfilSection.swift */ = {isa = PBXFileReference; lastKnownFileType = sourcecode.swift; path = ProfilSection.swift; sourceTree = "<group>"; };
		B5E1D5F42A33388300EA59D3 /* HomeCase.swift */ = {isa = PBXFileReference; lastKnownFileType = sourcecode.swift; path = HomeCase.swift; sourceTree = "<group>"; };
		B5E1D5F62A335B6C00EA59D3 /* ProfilType.swift */ = {isa = PBXFileReference; lastKnownFileType = sourcecode.swift; path = ProfilType.swift; sourceTree = "<group>"; };
		B5EA9E0229E97AAD00D52999 /* NotificationName+extenseion.swift */ = {isa = PBXFileReference; lastKnownFileType = sourcecode.swift; path = "NotificationName+extenseion.swift"; sourceTree = "<group>"; };
		B5F7DF142A2A0897003D310D /* UserDataType.swift */ = {isa = PBXFileReference; lastKnownFileType = sourcecode.swift; path = UserDataType.swift; sourceTree = "<group>"; };
		B5F9E8112A1E8D0600B1DC15 /* BaseTextView.swift */ = {isa = PBXFileReference; lastKnownFileType = sourcecode.swift; path = BaseTextView.swift; sourceTree = "<group>"; };
		B5F9E8132A1E8DE200B1DC15 /* TextType.swift */ = {isa = PBXFileReference; lastKnownFileType = sourcecode.swift; path = TextType.swift; sourceTree = "<group>"; };
		CE10173225DCA337DF4561A0 /* Pods-InstagramClone-InstagramCloneUITests.debug.xcconfig */ = {isa = PBXFileReference; includeInIndex = 1; lastKnownFileType = text.xcconfig; name = "Pods-InstagramClone-InstagramCloneUITests.debug.xcconfig"; path = "Target Support Files/Pods-InstagramClone-InstagramCloneUITests/Pods-InstagramClone-InstagramCloneUITests.debug.xcconfig"; sourceTree = "<group>"; };
		D2273647C17F79D48184265A /* Pods_InstagramClone_InstagramCloneUITests.framework */ = {isa = PBXFileReference; explicitFileType = wrapper.framework; includeInIndex = 0; path = Pods_InstagramClone_InstagramCloneUITests.framework; sourceTree = BUILT_PRODUCTS_DIR; };
		D6CC2F650D68285A04048AD9 /* Pods-InstagramCloneTests.release.xcconfig */ = {isa = PBXFileReference; includeInIndex = 1; lastKnownFileType = text.xcconfig; name = "Pods-InstagramCloneTests.release.xcconfig"; path = "Target Support Files/Pods-InstagramCloneTests/Pods-InstagramCloneTests.release.xcconfig"; sourceTree = "<group>"; };
		ECAEB1DB2FE4DCE2158142D9 /* Pods-InstagramClone.debug.xcconfig */ = {isa = PBXFileReference; includeInIndex = 1; lastKnownFileType = text.xcconfig; name = "Pods-InstagramClone.debug.xcconfig"; path = "Target Support Files/Pods-InstagramClone/Pods-InstagramClone.debug.xcconfig"; sourceTree = "<group>"; };
		F162001C688EFC274E816AC8 /* Pods-InstagramCloneTests.debug.xcconfig */ = {isa = PBXFileReference; includeInIndex = 1; lastKnownFileType = text.xcconfig; name = "Pods-InstagramCloneTests.debug.xcconfig"; path = "Target Support Files/Pods-InstagramCloneTests/Pods-InstagramCloneTests.debug.xcconfig"; sourceTree = "<group>"; };
/* End PBXFileReference section */

/* Begin PBXFrameworksBuildPhase section */
		B562D3F829D56EF000C56A2F /* Frameworks */ = {
			isa = PBXFrameworksBuildPhase;
			buildActionMask = 2147483647;
			files = (
				F16D93CEF3440E3DD54620CA /* Pods_InstagramClone.framework in Frameworks */,
			);
			runOnlyForDeploymentPostprocessing = 0;
		};
		B562D40E29D56EF100C56A2F /* Frameworks */ = {
			isa = PBXFrameworksBuildPhase;
			buildActionMask = 2147483647;
			files = (
				ABDE81847D9B1C73B23BAAD7 /* Pods_InstagramCloneTests.framework in Frameworks */,
			);
			runOnlyForDeploymentPostprocessing = 0;
		};
		B562D41829D56EF100C56A2F /* Frameworks */ = {
			isa = PBXFrameworksBuildPhase;
			buildActionMask = 2147483647;
			files = (
				4A39C17FC704E642C3A3B558 /* Pods_InstagramClone_InstagramCloneUITests.framework in Frameworks */,
			);
			runOnlyForDeploymentPostprocessing = 0;
		};
/* End PBXFrameworksBuildPhase section */

/* Begin PBXGroup section */
		843E29B3975EFF22FEA4489C /* Pods */ = {
			isa = PBXGroup;
			children = (
				ECAEB1DB2FE4DCE2158142D9 /* Pods-InstagramClone.debug.xcconfig */,
				7EF64EB41F50D7D6769C4DE7 /* Pods-InstagramClone.release.xcconfig */,
				CE10173225DCA337DF4561A0 /* Pods-InstagramClone-InstagramCloneUITests.debug.xcconfig */,
				1A48D74AB92AA3B5E15995D8 /* Pods-InstagramClone-InstagramCloneUITests.release.xcconfig */,
				F162001C688EFC274E816AC8 /* Pods-InstagramCloneTests.debug.xcconfig */,
				D6CC2F650D68285A04048AD9 /* Pods-InstagramCloneTests.release.xcconfig */,
			);
			path = Pods;
			sourceTree = "<group>";
		};
		B5299D9029DAC0B80085B22E /* Register */ = {
			isa = PBXGroup;
			children = (
				B5299D9129DAC0C50085B22E /* RegisterVC.swift */,
				B563554F29DAF4BB00A8DCE2 /* RegisterVM.swift */,
			);
			path = Register;
			sourceTree = "<group>";
		};
		B52AA0152A20B335003D9DDC /* Cell */ = {
			isa = PBXGroup;
			children = (
				B52AA0162A20B344003D9DDC /* HomeTVCell.swift */,
			);
			path = Cell;
			sourceTree = "<group>";
		};
		B52AA0182A20B72E003D9DDC /* PostCellCompenents */ = {
			isa = PBXGroup;
			children = (
				B52AA0192A20B740003D9DDC /* PostTopView.swift */,
				B52AA01D2A20BF4D003D9DDC /* PostMiddleView.swift */,
				B52AA01F2A20D475003D9DDC /* PostBottomView.swift */,
			);
			path = PostCellCompenents;
			sourceTree = "<group>";
		};
		B54CD6D029D5932100AA1AE2 /* Extensions */ = {
			isa = PBXGroup;
			children = (
				B58287FF29D6C42500C5DF5E /* UIApplication+Extensions.swift */,
				B5C8FAAF29D6FFC4004E9531 /* CGFloat+Extensions.swift */,
				B563554B29DAEF9100A8DCE2 /* String+Extensions.swift */,
				B563554D29DAF04E00A8DCE2 /* Date+Extensions.swift */,
				B563555129DB0EE100A8DCE2 /* TextField+Extension.swift */,
				B5EA9E0229E97AAD00D52999 /* NotificationName+extenseion.swift */,
				B538C63E29FD51CD0075AE9B /* ViewCells+Extensions.swift */,
				B5858EF02A0534C2009CBF7B /* PHAsset+extension.swift */,
				B58A3E5C2A3080B0005AFBF1 /* UIColor+Extensions.swift */,
				B51206B52A320BB40009DB4B /* UIView+Extensions.swift */,
			);
			path = Extensions;
			sourceTree = "<group>";
		};
		B54CD6D329D5998200AA1AE2 /* Enums */ = {
			isa = PBXGroup;
			children = (
				B54CD6D429D5999C00AA1AE2 /* TabbarItem.swift */,
				B54CD6D629D599E300AA1AE2 /* NavBarType.swift */,
				B5C8FAAB29D6FCEA004E9531 /* TextFieldType.swift */,
				B5F9E8132A1E8DE200B1DC15 /* TextType.swift */,
				B51F1E692A29E22100499843 /* RegisterError.swift */,
				B5F7DF142A2A0897003D310D /* UserDataType.swift */,
				B5087D2A2A2F171400A62F42 /* ShareType.swift */,
				B58A3E5A2A305191005AFBF1 /* FetchError.swift */,
				B5E1D5F22A33345100EA59D3 /* ProfilSection.swift */,
				B5E1D5F42A33388300EA59D3 /* HomeCase.swift */,
				B5E1D5F62A335B6C00EA59D3 /* ProfilType.swift */,
			);
			path = Enums;
			sourceTree = "<group>";
		};
		B54CD6D829D59A1F00AA1AE2 /* BaseClasses */ = {
			isa = PBXGroup;
			children = (
				B54CD6D929D59A3300AA1AE2 /* BaseVC.swift */,
				B582880329D6E45100C5DF5E /* BaseView.swift */,
				B5C8FAA929D6FAAE004E9531 /* BaseTextField.swift */,
				B54CD6DB29D5D7DB00AA1AE2 /* StateFullVM.swift */,
				B54CD6DD29D5D87000AA1AE2 /* StateFulDS.swift */,
				B5299D8E29DABAEC0085B22E /* BaseStackView.swift */,
				B5299D9329DAC9630085B22E /* BaseButton.swift */,
				B563554629DAE93C00A8DCE2 /* BaseLabel.swift */,
				B538C63C29FD513D0075AE9B /* BaseCollectionView.swift */,
				B5858EF42A05423B009CBF7B /* BaseCollectionViewCell.swift */,
				B5858EF72A054332009CBF7B /* BaseImageView.swift */,
				B5F9E8112A1E8D0600B1DC15 /* BaseTextView.swift */,
				B52AA0112A20ADB0003D9DDC /* BaseTableView.swift */,
				B52AA0132A20AE66003D9DDC /* BaseTableViewCell.swift */,
			);
			path = BaseClasses;
			sourceTree = "<group>";
		};
		B55AB3692A13C3BF000B3FC8 /* ChoosePost */ = {
			isa = PBXGroup;
			children = (
				B5858EF62A05429E009CBF7B /* Cell */,
				B5865CBB29D577E10046D0B6 /* ChoosePostVC.swift */,
				B5A2931229E6F9BF00D04542 /* ChoosePostVM.swift */,
				B5A2931429E6FB6900D04542 /* ChoosePostDS.swift */,
			);
			path = ChoosePost;
			sourceTree = "<group>";
		};
		B55AB36A2A13C404000B3FC8 /* SharePost */ = {
			isa = PBXGroup;
			children = (
				B55AB36B2A13C561000B3FC8 /* SharePostVC.swift */,
				B55AB36D2A13C5A0000B3FC8 /* SharePostVM.swift */,
			);
			path = SharePost;
			sourceTree = "<group>";
		};
		B562D3F229D56EF000C56A2F = {
			isa = PBXGroup;
			children = (
				B562D3FD29D56EF000C56A2F /* InstagramClone */,
				B562D41429D56EF100C56A2F /* InstagramCloneTests */,
				B562D41E29D56EF100C56A2F /* InstagramCloneUITests */,
				B562D3FC29D56EF000C56A2F /* Products */,
				843E29B3975EFF22FEA4489C /* Pods */,
				F61AFC97E9B04A9D20C6083A /* Frameworks */,
			);
			sourceTree = "<group>";
		};
		B562D3FC29D56EF000C56A2F /* Products */ = {
			isa = PBXGroup;
			children = (
				B562D3FB29D56EF000C56A2F /* InstagramClone.app */,
				B562D41129D56EF100C56A2F /* InstagramCloneTests.xctest */,
				B562D41B29D56EF100C56A2F /* InstagramCloneUITests.xctest */,
			);
			name = Products;
			sourceTree = "<group>";
		};
		B562D3FD29D56EF000C56A2F /* InstagramClone */ = {
			isa = PBXGroup;
			children = (
				B562D43129D5708E00C56A2F /* Helpers */,
				B562D42F29D5706C00C56A2F /* Compenents */,
				B562D42E29D5700E00C56A2F /* Controllers */,
				B562D43029D5707C00C56A2F /* Networking */,
				B562D3FE29D56EF000C56A2F /* AppDelegate.swift */,
				B562D40029D56EF000C56A2F /* SceneDelegate.swift */,
				B562D40229D56EF000C56A2F /* ViewController.swift */,
				B562D40429D56EF000C56A2F /* Main.storyboard */,
				B562D40729D56EF100C56A2F /* Assets.xcassets */,
				B562D40929D56EF100C56A2F /* LaunchScreen.storyboard */,
				B5299D9529DADD8E0085B22E /* GoogleService-Info.plist */,
				B562D40C29D56EF100C56A2F /* Info.plist */,
			);
			path = InstagramClone;
			sourceTree = "<group>";
		};
		B562D41429D56EF100C56A2F /* InstagramCloneTests */ = {
			isa = PBXGroup;
			children = (
				B562D41529D56EF100C56A2F /* InstagramCloneTests.swift */,
			);
			path = InstagramCloneTests;
			sourceTree = "<group>";
		};
		B562D41E29D56EF100C56A2F /* InstagramCloneUITests */ = {
			isa = PBXGroup;
			children = (
				B562D41F29D56EF100C56A2F /* InstagramCloneUITests.swift */,
				B562D42129D56EF100C56A2F /* InstagramCloneUITestsLaunchTests.swift */,
			);
			path = InstagramCloneUITests;
			sourceTree = "<group>";
		};
		B562D42E29D5700E00C56A2F /* Controllers */ = {
			isa = PBXGroup;
			children = (
				B5E1D5EF2A33093B00EA59D3 /* PresentPost */,
				B5859A8B29DC4D3D001D2836 /* Alert */,
				B5299D9029DAC0B80085B22E /* Register */,
				B582880529D6F93800C5DF5E /* Login */,
				B5865CBA29D577D60046D0B6 /* Post */,
				B5865CB029D5773E0046D0B6 /* Profile */,
				B5865CAF29D577330046D0B6 /* Notifications */,
				B5865CAE29D577230046D0B6 /* Search */,
				B5865CAD29D577180046D0B6 /* Home */,
				B5865CAC29D573050046D0B6 /* Tabbar */,
			);
			path = Controllers;
			sourceTree = "<group>";
		};
		B562D42F29D5706C00C56A2F /* Compenents */ = {
			isa = PBXGroup;
			children = (
				B52AA0182A20B72E003D9DDC /* PostCellCompenents */,
				B582880129D6E1D000C5DF5E /* PostNavView.swift */,
				B5C8FAB129D71F9D004E9531 /* SocialLoginButton.swift */,
				B5299D8C29DAB7360085B22E /* LoginRegisterSubView.swift */,
				B5859A8E29DC518C001D2836 /* AlertView.swift */,
				B5BCEFD729E7243B0066325B /* PostButtonsView.swift */,
				B564CE8E2A2C8E5700AE0851 /* ProfileTopView.swift */,
				B5087D2C2A2F934000A62F42 /* ProfileBackView.swift */,
			);
			path = Compenents;
			sourceTree = "<group>";
		};
		B562D43029D5707C00C56A2F /* Networking */ = {
			isa = PBXGroup;
			children = (
				B562D43329D570A300C56A2F /* Models */,
				B562D43229D5709C00C56A2F /* Routers */,
			);
			path = Networking;
			sourceTree = "<group>";
		};
		B562D43129D5708E00C56A2F /* Helpers */ = {
			isa = PBXGroup;
			children = (
				B563554829DAEEE000A8DCE2 /* Managers */,
				B54CD6D829D59A1F00AA1AE2 /* BaseClasses */,
				B54CD6D329D5998200AA1AE2 /* Enums */,
				B54CD6D029D5932100AA1AE2 /* Extensions */,
			);
			path = Helpers;
			sourceTree = "<group>";
		};
		B562D43229D5709C00C56A2F /* Routers */ = {
			isa = PBXGroup;
			children = (
			);
			path = Routers;
			sourceTree = "<group>";
		};
		B562D43329D570A300C56A2F /* Models */ = {
			isa = PBXGroup;
			children = (
				B5A2930E29E6DA5100D04542 /* DefsUserModel.swift */,
				B5A2931029E6DA6E00D04542 /* RegisterModel.swift */,
				B581B8082A2A2E8D00B70A36 /* PostModel.swift */,
			);
			path = Models;
			sourceTree = "<group>";
		};
		B563554829DAEEE000A8DCE2 /* Managers */ = {
			isa = PBXGroup;
			children = (
				B563554929DAEEED00A8DCE2 /* ValidationManager.swift */,
				B5859A9029DC5A92001D2836 /* AlertManager.swift */,
				B5A2930829E6A51300D04542 /* UserDefaultsManager.swift */,
				B5A2930A29E6A54400D04542 /* Defs.swift */,
				B51F1E672A29C7F600499843 /* FirebaseAuthManager.swift */,
				B581B8062A2A27E300B70A36 /* FirebasePostManager.swift */,
			);
			path = Managers;
			sourceTree = "<group>";
		};
		B564CE922A2CB58700AE0851 /* Cells */ = {
			isa = PBXGroup;
			children = (
				B564CE932A2CB59200AE0851 /* StoryTVCell.swift */,
				B5087D242A2DC49800A62F42 /* StoryCVCell.swift */,
				B5087D262A2DE7AD00A62F42 /* ProfilePostTVCell.swift */,
				B5087D282A2DED3A00A62F42 /* ProfilePostCVCell.swift */,
			);
			path = Cells;
			sourceTree = "<group>";
		};
		B582880529D6F93800C5DF5E /* Login */ = {
			isa = PBXGroup;
			children = (
				B5C8FAA729D6F959004E9531 /* LoginVC.swift */,
				B5C2FC0E29E694AA002117FF /* LoginVM.swift */,
			);
			path = Login;
			sourceTree = "<group>";
		};
		B5858EF62A05429E009CBF7B /* Cell */ = {
			isa = PBXGroup;
			children = (
				B5858EF22A0537C9009CBF7B /* PostCell.swift */,
			);
			path = Cell;
			sourceTree = "<group>";
		};
		B5859A8B29DC4D3D001D2836 /* Alert */ = {
			isa = PBXGroup;
			children = (
				B5859A8C29DC4D4C001D2836 /* AlertVC.swift */,
			);
			path = Alert;
			sourceTree = "<group>";
		};
		B5865CAC29D573050046D0B6 /* Tabbar */ = {
			isa = PBXGroup;
			children = (
				B5865CAA29D572FC0046D0B6 /* TabbarVC.swift */,
				B5BCEFD929E72FD30066325B /* TabbarVM.swift */,
				B5BCEFDB29E730EB0066325B /* TabbarDS.swift */,
			);
			path = Tabbar;
			sourceTree = "<group>";
		};
		B5865CAD29D577180046D0B6 /* Home */ = {
			isa = PBXGroup;
			children = (
				B52AA0152A20B335003D9DDC /* Cell */,
				B5865CB129D5774D0046D0B6 /* HomeVC.swift */,
				B5A2930C29E6D7F100D04542 /* HomeVM.swift */,
				B52AA01B2A20B993003D9DDC /* HomeDS.swift */,
			);
			path = Home;
			sourceTree = "<group>";
		};
		B5865CAE29D577230046D0B6 /* Search */ = {
			isa = PBXGroup;
			children = (
				B5865CB429D577740046D0B6 /* SearchVC.swift */,
			);
			path = Search;
			sourceTree = "<group>";
		};
		B5865CAF29D577330046D0B6 /* Notifications */ = {
			isa = PBXGroup;
			children = (
				B5865CB629D5779C0046D0B6 /* NotificationsVC.swift */,
			);
			path = Notifications;
			sourceTree = "<group>";
		};
		B5865CB029D5773E0046D0B6 /* Profile */ = {
			isa = PBXGroup;
			children = (
				B564CE922A2CB58700AE0851 /* Cells */,
				B5865CB829D577BB0046D0B6 /* ProfileVC.swift */,
				B564CE8C2A2C84FB00AE0851 /* ProfileVM.swift */,
				B564CE902A2CB0A100AE0851 /* ProfilDS.swift */,
			);
			path = Profile;
			sourceTree = "<group>";
		};
		B5865CBA29D577D60046D0B6 /* Post */ = {
			isa = PBXGroup;
			children = (
				B55AB36A2A13C404000B3FC8 /* SharePost */,
				B55AB3692A13C3BF000B3FC8 /* ChoosePost */,
			);
			path = Post;
			sourceTree = "<group>";
		};
		B5E1D5EF2A33093B00EA59D3 /* PresentPost */ = {
			isa = PBXGroup;
			children = (
				B5E1D5EB2A33004900EA59D3 /* PresentPostVC.swift */,
				B5E1D5ED2A3308BE00EA59D3 /* PresentPostVM.swift */,
				B5E1D5F02A33095100EA59D3 /* PresentPostDS.swift */,
			);
			path = PresentPost;
			sourceTree = "<group>";
		};
		F61AFC97E9B04A9D20C6083A /* Frameworks */ = {
			isa = PBXGroup;
			children = (
				4088005353B807D7CFAF4607 /* Pods_InstagramClone.framework */,
				D2273647C17F79D48184265A /* Pods_InstagramClone_InstagramCloneUITests.framework */,
				75046F8E9372276920294217 /* Pods_InstagramCloneTests.framework */,
			);
			name = Frameworks;
			sourceTree = "<group>";
		};
/* End PBXGroup section */

/* Begin PBXNativeTarget section */
		B562D3FA29D56EF000C56A2F /* InstagramClone */ = {
			isa = PBXNativeTarget;
			buildConfigurationList = B562D42529D56EF100C56A2F /* Build configuration list for PBXNativeTarget "InstagramClone" */;
			buildPhases = (
				AA687F3F6440ECE3000BCFD5 /* [CP] Check Pods Manifest.lock */,
				B562D3F729D56EF000C56A2F /* Sources */,
				B562D3F829D56EF000C56A2F /* Frameworks */,
				B562D3F929D56EF000C56A2F /* Resources */,
				CA7139B080C881F4CDE2B516 /* [CP] Embed Pods Frameworks */,
			);
			buildRules = (
			);
			dependencies = (
			);
			name = InstagramClone;
			productName = InstagramClone;
			productReference = B562D3FB29D56EF000C56A2F /* InstagramClone.app */;
			productType = "com.apple.product-type.application";
		};
		B562D41029D56EF100C56A2F /* InstagramCloneTests */ = {
			isa = PBXNativeTarget;
			buildConfigurationList = B562D42829D56EF100C56A2F /* Build configuration list for PBXNativeTarget "InstagramCloneTests" */;
			buildPhases = (
				65ED450F5A71B205079C7CBA /* [CP] Check Pods Manifest.lock */,
				B562D40D29D56EF100C56A2F /* Sources */,
				B562D40E29D56EF100C56A2F /* Frameworks */,
				B562D40F29D56EF100C56A2F /* Resources */,
			);
			buildRules = (
			);
			dependencies = (
				B562D41329D56EF100C56A2F /* PBXTargetDependency */,
			);
			name = InstagramCloneTests;
			productName = InstagramCloneTests;
			productReference = B562D41129D56EF100C56A2F /* InstagramCloneTests.xctest */;
			productType = "com.apple.product-type.bundle.unit-test";
		};
		B562D41A29D56EF100C56A2F /* InstagramCloneUITests */ = {
			isa = PBXNativeTarget;
			buildConfigurationList = B562D42B29D56EF100C56A2F /* Build configuration list for PBXNativeTarget "InstagramCloneUITests" */;
			buildPhases = (
				C53CB1EF3A17D7F766AB5032 /* [CP] Check Pods Manifest.lock */,
				B562D41729D56EF100C56A2F /* Sources */,
				B562D41829D56EF100C56A2F /* Frameworks */,
				B562D41929D56EF100C56A2F /* Resources */,
				7575F5B80A510A851132982C /* [CP] Embed Pods Frameworks */,
			);
			buildRules = (
			);
			dependencies = (
				B562D41D29D56EF100C56A2F /* PBXTargetDependency */,
			);
			name = InstagramCloneUITests;
			productName = InstagramCloneUITests;
			productReference = B562D41B29D56EF100C56A2F /* InstagramCloneUITests.xctest */;
			productType = "com.apple.product-type.bundle.ui-testing";
		};
/* End PBXNativeTarget section */

/* Begin PBXProject section */
		B562D3F329D56EF000C56A2F /* Project object */ = {
			isa = PBXProject;
			attributes = {
				BuildIndependentTargetsInParallel = 1;
				LastSwiftUpdateCheck = 1420;
				LastUpgradeCheck = 1420;
				TargetAttributes = {
					B562D3FA29D56EF000C56A2F = {
						CreatedOnToolsVersion = 14.2;
					};
					B562D41029D56EF100C56A2F = {
						CreatedOnToolsVersion = 14.2;
						TestTargetID = B562D3FA29D56EF000C56A2F;
					};
					B562D41A29D56EF100C56A2F = {
						CreatedOnToolsVersion = 14.2;
						TestTargetID = B562D3FA29D56EF000C56A2F;
					};
				};
			};
			buildConfigurationList = B562D3F629D56EF000C56A2F /* Build configuration list for PBXProject "InstagramClone" */;
			compatibilityVersion = "Xcode 14.0";
			developmentRegion = en;
			hasScannedForEncodings = 0;
			knownRegions = (
				en,
				Base,
			);
			mainGroup = B562D3F229D56EF000C56A2F;
			productRefGroup = B562D3FC29D56EF000C56A2F /* Products */;
			projectDirPath = "";
			projectRoot = "";
			targets = (
				B562D3FA29D56EF000C56A2F /* InstagramClone */,
				B562D41029D56EF100C56A2F /* InstagramCloneTests */,
				B562D41A29D56EF100C56A2F /* InstagramCloneUITests */,
			);
		};
/* End PBXProject section */

/* Begin PBXResourcesBuildPhase section */
		B562D3F929D56EF000C56A2F /* Resources */ = {
			isa = PBXResourcesBuildPhase;
			buildActionMask = 2147483647;
			files = (
				B562D40B29D56EF100C56A2F /* LaunchScreen.storyboard in Resources */,
				B5299D9629DADD8E0085B22E /* GoogleService-Info.plist in Resources */,
				B562D40829D56EF100C56A2F /* Assets.xcassets in Resources */,
				B562D40629D56EF000C56A2F /* Main.storyboard in Resources */,
			);
			runOnlyForDeploymentPostprocessing = 0;
		};
		B562D40F29D56EF100C56A2F /* Resources */ = {
			isa = PBXResourcesBuildPhase;
			buildActionMask = 2147483647;
			files = (
			);
			runOnlyForDeploymentPostprocessing = 0;
		};
		B562D41929D56EF100C56A2F /* Resources */ = {
			isa = PBXResourcesBuildPhase;
			buildActionMask = 2147483647;
			files = (
			);
			runOnlyForDeploymentPostprocessing = 0;
		};
/* End PBXResourcesBuildPhase section */

/* Begin PBXShellScriptBuildPhase section */
		65ED450F5A71B205079C7CBA /* [CP] Check Pods Manifest.lock */ = {
			isa = PBXShellScriptBuildPhase;
			buildActionMask = 2147483647;
			files = (
			);
			inputFileListPaths = (
			);
			inputPaths = (
				"${PODS_PODFILE_DIR_PATH}/Podfile.lock",
				"${PODS_ROOT}/Manifest.lock",
			);
			name = "[CP] Check Pods Manifest.lock";
			outputFileListPaths = (
			);
			outputPaths = (
				"$(DERIVED_FILE_DIR)/Pods-InstagramCloneTests-checkManifestLockResult.txt",
			);
			runOnlyForDeploymentPostprocessing = 0;
			shellPath = /bin/sh;
			shellScript = "diff \"${PODS_PODFILE_DIR_PATH}/Podfile.lock\" \"${PODS_ROOT}/Manifest.lock\" > /dev/null\nif [ $? != 0 ] ; then\n    # print error to STDERR\n    echo \"error: The sandbox is not in sync with the Podfile.lock. Run 'pod install' or update your CocoaPods installation.\" >&2\n    exit 1\nfi\n# This output is used by Xcode 'outputs' to avoid re-running this script phase.\necho \"SUCCESS\" > \"${SCRIPT_OUTPUT_FILE_0}\"\n";
			showEnvVarsInLog = 0;
		};
		7575F5B80A510A851132982C /* [CP] Embed Pods Frameworks */ = {
			isa = PBXShellScriptBuildPhase;
			buildActionMask = 2147483647;
			files = (
			);
			inputFileListPaths = (
				"${PODS_ROOT}/Target Support Files/Pods-InstagramClone-InstagramCloneUITests/Pods-InstagramClone-InstagramCloneUITests-frameworks-${CONFIGURATION}-input-files.xcfilelist",
			);
			name = "[CP] Embed Pods Frameworks";
			outputFileListPaths = (
				"${PODS_ROOT}/Target Support Files/Pods-InstagramClone-InstagramCloneUITests/Pods-InstagramClone-InstagramCloneUITests-frameworks-${CONFIGURATION}-output-files.xcfilelist",
			);
			runOnlyForDeploymentPostprocessing = 0;
			shellPath = /bin/sh;
			shellScript = "\"${PODS_ROOT}/Target Support Files/Pods-InstagramClone-InstagramCloneUITests/Pods-InstagramClone-InstagramCloneUITests-frameworks.sh\"\n";
			showEnvVarsInLog = 0;
		};
		AA687F3F6440ECE3000BCFD5 /* [CP] Check Pods Manifest.lock */ = {
			isa = PBXShellScriptBuildPhase;
			buildActionMask = 2147483647;
			files = (
			);
			inputFileListPaths = (
			);
			inputPaths = (
				"${PODS_PODFILE_DIR_PATH}/Podfile.lock",
				"${PODS_ROOT}/Manifest.lock",
			);
			name = "[CP] Check Pods Manifest.lock";
			outputFileListPaths = (
			);
			outputPaths = (
				"$(DERIVED_FILE_DIR)/Pods-InstagramClone-checkManifestLockResult.txt",
			);
			runOnlyForDeploymentPostprocessing = 0;
			shellPath = /bin/sh;
			shellScript = "diff \"${PODS_PODFILE_DIR_PATH}/Podfile.lock\" \"${PODS_ROOT}/Manifest.lock\" > /dev/null\nif [ $? != 0 ] ; then\n    # print error to STDERR\n    echo \"error: The sandbox is not in sync with the Podfile.lock. Run 'pod install' or update your CocoaPods installation.\" >&2\n    exit 1\nfi\n# This output is used by Xcode 'outputs' to avoid re-running this script phase.\necho \"SUCCESS\" > \"${SCRIPT_OUTPUT_FILE_0}\"\n";
			showEnvVarsInLog = 0;
		};
		C53CB1EF3A17D7F766AB5032 /* [CP] Check Pods Manifest.lock */ = {
			isa = PBXShellScriptBuildPhase;
			buildActionMask = 2147483647;
			files = (
			);
			inputFileListPaths = (
			);
			inputPaths = (
				"${PODS_PODFILE_DIR_PATH}/Podfile.lock",
				"${PODS_ROOT}/Manifest.lock",
			);
			name = "[CP] Check Pods Manifest.lock";
			outputFileListPaths = (
			);
			outputPaths = (
				"$(DERIVED_FILE_DIR)/Pods-InstagramClone-InstagramCloneUITests-checkManifestLockResult.txt",
			);
			runOnlyForDeploymentPostprocessing = 0;
			shellPath = /bin/sh;
			shellScript = "diff \"${PODS_PODFILE_DIR_PATH}/Podfile.lock\" \"${PODS_ROOT}/Manifest.lock\" > /dev/null\nif [ $? != 0 ] ; then\n    # print error to STDERR\n    echo \"error: The sandbox is not in sync with the Podfile.lock. Run 'pod install' or update your CocoaPods installation.\" >&2\n    exit 1\nfi\n# This output is used by Xcode 'outputs' to avoid re-running this script phase.\necho \"SUCCESS\" > \"${SCRIPT_OUTPUT_FILE_0}\"\n";
			showEnvVarsInLog = 0;
		};
		CA7139B080C881F4CDE2B516 /* [CP] Embed Pods Frameworks */ = {
			isa = PBXShellScriptBuildPhase;
			buildActionMask = 2147483647;
			files = (
			);
			inputFileListPaths = (
				"${PODS_ROOT}/Target Support Files/Pods-InstagramClone/Pods-InstagramClone-frameworks-${CONFIGURATION}-input-files.xcfilelist",
			);
			name = "[CP] Embed Pods Frameworks";
			outputFileListPaths = (
				"${PODS_ROOT}/Target Support Files/Pods-InstagramClone/Pods-InstagramClone-frameworks-${CONFIGURATION}-output-files.xcfilelist",
			);
			runOnlyForDeploymentPostprocessing = 0;
			shellPath = /bin/sh;
			shellScript = "\"${PODS_ROOT}/Target Support Files/Pods-InstagramClone/Pods-InstagramClone-frameworks.sh\"\n";
			showEnvVarsInLog = 0;
		};
/* End PBXShellScriptBuildPhase section */

/* Begin PBXSourcesBuildPhase section */
		B562D3F729D56EF000C56A2F /* Sources */ = {
			isa = PBXSourcesBuildPhase;
			buildActionMask = 2147483647;
			files = (
				B5299D9429DAC9630085B22E /* BaseButton.swift in Sources */,
				B54CD6DA29D59A3300AA1AE2 /* BaseVC.swift in Sources */,
				B58A3E5B2A305191005AFBF1 /* FetchError.swift in Sources */,
				B5859A8D29DC4D4C001D2836 /* AlertVC.swift in Sources */,
				B5A2930D29E6D7F100D04542 /* HomeVM.swift in Sources */,
				B5BCEFDC29E730EB0066325B /* TabbarDS.swift in Sources */,
				B538C63D29FD513D0075AE9B /* BaseCollectionView.swift in Sources */,
				B5BCEFD829E7243B0066325B /* PostButtonsView.swift in Sources */,
				B5865CB529D577740046D0B6 /* SearchVC.swift in Sources */,
				B5C8FAAA29D6FAAE004E9531 /* BaseTextField.swift in Sources */,
				B562D40329D56EF000C56A2F /* ViewController.swift in Sources */,
				B58A3E5D2A3080B0005AFBF1 /* UIColor+Extensions.swift in Sources */,
				B5087D252A2DC49800A62F42 /* StoryCVCell.swift in Sources */,
				B563555229DB0EE100A8DCE2 /* TextField+Extension.swift in Sources */,
				B5C8FAA829D6F959004E9531 /* LoginVC.swift in Sources */,
				B5E1D5F32A33345100EA59D3 /* ProfilSection.swift in Sources */,
				B5865CB229D5774D0046D0B6 /* HomeVC.swift in Sources */,
				B54CD6DE29D5D87000AA1AE2 /* StateFulDS.swift in Sources */,
				B5C8FAAC29D6FCEA004E9531 /* TextFieldType.swift in Sources */,
				B5A2931329E6F9BF00D04542 /* ChoosePostVM.swift in Sources */,
				B5A2930B29E6A54400D04542 /* Defs.swift in Sources */,
				B5858EF32A0537C9009CBF7B /* PostCell.swift in Sources */,
				B54CD6D729D599E300AA1AE2 /* NavBarType.swift in Sources */,
				B5859A9129DC5A92001D2836 /* AlertManager.swift in Sources */,
				B564CE942A2CB59200AE0851 /* StoryTVCell.swift in Sources */,
				B5299D8D29DAB7360085B22E /* LoginRegisterSubView.swift in Sources */,
				B5EA9E0329E97AAD00D52999 /* NotificationName+extenseion.swift in Sources */,
				B52AA01E2A20BF4D003D9DDC /* PostMiddleView.swift in Sources */,
				B5A2930F29E6DA5100D04542 /* DefsUserModel.swift in Sources */,
				B582880029D6C42500C5DF5E /* UIApplication+Extensions.swift in Sources */,
				B5F9E8122A1E8D0600B1DC15 /* BaseTextView.swift in Sources */,
				B54CD6D529D5999C00AA1AE2 /* TabbarItem.swift in Sources */,
				B564CE8F2A2C8E5700AE0851 /* ProfileTopView.swift in Sources */,
				B564CE912A2CB0A100AE0851 /* ProfilDS.swift in Sources */,
				B52AA0142A20AE66003D9DDC /* BaseTableViewCell.swift in Sources */,
				B581B8092A2A2E8D00B70A36 /* PostModel.swift in Sources */,
				B5865CAB29D572FC0046D0B6 /* TabbarVC.swift in Sources */,
				B5E1D5F52A33388300EA59D3 /* HomeCase.swift in Sources */,
				B5087D292A2DED3A00A62F42 /* ProfilePostCVCell.swift in Sources */,
				B5865CB929D577BB0046D0B6 /* ProfileVC.swift in Sources */,
				B5F9E8142A1E8DE200B1DC15 /* TextType.swift in Sources */,
				B51206B62A320BB40009DB4B /* UIView+Extensions.swift in Sources */,
				B582880229D6E1D000C5DF5E /* PostNavView.swift in Sources */,
				B562D3FF29D56EF000C56A2F /* AppDelegate.swift in Sources */,
				B5865CBC29D577E10046D0B6 /* ChoosePostVC.swift in Sources */,
				B52AA01A2A20B740003D9DDC /* PostTopView.swift in Sources */,
				B52AA0122A20ADB0003D9DDC /* BaseTableView.swift in Sources */,
				B5C8FAB229D71F9D004E9531 /* SocialLoginButton.swift in Sources */,
				B52AA0202A20D475003D9DDC /* PostBottomView.swift in Sources */,
				B581B8072A2A27E300B70A36 /* FirebasePostManager.swift in Sources */,
				B564CE8D2A2C84FB00AE0851 /* ProfileVM.swift in Sources */,
				B538C63F29FD51CD0075AE9B /* ViewCells+Extensions.swift in Sources */,
				B563554729DAE93C00A8DCE2 /* BaseLabel.swift in Sources */,
				B5299D8F29DABAEC0085B22E /* BaseStackView.swift in Sources */,
				B5E1D5F12A33095100EA59D3 /* PresentPostDS.swift in Sources */,
				B51F1E6A2A29E22100499843 /* RegisterError.swift in Sources */,
				B5F7DF152A2A0897003D310D /* UserDataType.swift in Sources */,
				B5BCEFDA29E72FD30066325B /* TabbarVM.swift in Sources */,
				B5087D272A2DE7AD00A62F42 /* ProfilePostTVCell.swift in Sources */,
				B5299D9229DAC0C50085B22E /* RegisterVC.swift in Sources */,
				B563555029DAF4BB00A8DCE2 /* RegisterVM.swift in Sources */,
				B5858EF82A054332009CBF7B /* BaseImageView.swift in Sources */,
				B52AA0172A20B344003D9DDC /* HomeTVCell.swift in Sources */,
				B55AB36E2A13C5A0000B3FC8 /* SharePostVM.swift in Sources */,
				B5087D2B2A2F171400A62F42 /* ShareType.swift in Sources */,
				B5858EF52A05423B009CBF7B /* BaseCollectionViewCell.swift in Sources */,
				B5C8FAB029D6FFC4004E9531 /* CGFloat+Extensions.swift in Sources */,
				B55AB36C2A13C561000B3FC8 /* SharePostVC.swift in Sources */,
				B563554E29DAF04E00A8DCE2 /* Date+Extensions.swift in Sources */,
				B54CD6DC29D5D7DB00AA1AE2 /* StateFullVM.swift in Sources */,
				B51F1E682A29C7F700499843 /* FirebaseAuthManager.swift in Sources */,
				B5A2931129E6DA6E00D04542 /* RegisterModel.swift in Sources */,
				B5858EF12A0534C2009CBF7B /* PHAsset+extension.swift in Sources */,
				B5859A8F29DC518C001D2836 /* AlertView.swift in Sources */,
				B563554C29DAEF9100A8DCE2 /* String+Extensions.swift in Sources */,
				B5A2930929E6A51300D04542 /* UserDefaultsManager.swift in Sources */,
				B563554A29DAEEED00A8DCE2 /* ValidationManager.swift in Sources */,
				B5E1D5EC2A33004900EA59D3 /* PresentPostVC.swift in Sources */,
				B5E1D5EE2A3308BE00EA59D3 /* PresentPostVM.swift in Sources */,
				B5087D2D2A2F934000A62F42 /* ProfileBackView.swift in Sources */,
				B5C2FC0F29E694AA002117FF /* LoginVM.swift in Sources */,
				B52AA01C2A20B993003D9DDC /* HomeDS.swift in Sources */,
				B5A2931529E6FB6900D04542 /* ChoosePostDS.swift in Sources */,
				B582880429D6E45100C5DF5E /* BaseView.swift in Sources */,
				B5E1D5F72A335B6C00EA59D3 /* ProfilType.swift in Sources */,
				B5865CB729D5779C0046D0B6 /* NotificationsVC.swift in Sources */,
				B562D40129D56EF000C56A2F /* SceneDelegate.swift in Sources */,
			);
			runOnlyForDeploymentPostprocessing = 0;
		};
		B562D40D29D56EF100C56A2F /* Sources */ = {
			isa = PBXSourcesBuildPhase;
			buildActionMask = 2147483647;
			files = (
				B562D41629D56EF100C56A2F /* InstagramCloneTests.swift in Sources */,
			);
			runOnlyForDeploymentPostprocessing = 0;
		};
		B562D41729D56EF100C56A2F /* Sources */ = {
			isa = PBXSourcesBuildPhase;
			buildActionMask = 2147483647;
			files = (
				B562D42029D56EF100C56A2F /* InstagramCloneUITests.swift in Sources */,
				B562D42229D56EF100C56A2F /* InstagramCloneUITestsLaunchTests.swift in Sources */,
			);
			runOnlyForDeploymentPostprocessing = 0;
		};
/* End PBXSourcesBuildPhase section */

/* Begin PBXTargetDependency section */
		B562D41329D56EF100C56A2F /* PBXTargetDependency */ = {
			isa = PBXTargetDependency;
			target = B562D3FA29D56EF000C56A2F /* InstagramClone */;
			targetProxy = B562D41229D56EF100C56A2F /* PBXContainerItemProxy */;
		};
		B562D41D29D56EF100C56A2F /* PBXTargetDependency */ = {
			isa = PBXTargetDependency;
			target = B562D3FA29D56EF000C56A2F /* InstagramClone */;
			targetProxy = B562D41C29D56EF100C56A2F /* PBXContainerItemProxy */;
		};
/* End PBXTargetDependency section */

/* Begin PBXVariantGroup section */
		B562D40429D56EF000C56A2F /* Main.storyboard */ = {
			isa = PBXVariantGroup;
			children = (
				B562D40529D56EF000C56A2F /* Base */,
			);
			name = Main.storyboard;
			sourceTree = "<group>";
		};
		B562D40929D56EF100C56A2F /* LaunchScreen.storyboard */ = {
			isa = PBXVariantGroup;
			children = (
				B562D40A29D56EF100C56A2F /* Base */,
			);
			name = LaunchScreen.storyboard;
			sourceTree = "<group>";
		};
/* End PBXVariantGroup section */

/* Begin XCBuildConfiguration section */
		B562D42329D56EF100C56A2F /* Debug */ = {
			isa = XCBuildConfiguration;
			buildSettings = {
				ALWAYS_SEARCH_USER_PATHS = NO;
				CLANG_ANALYZER_NONNULL = YES;
				CLANG_ANALYZER_NUMBER_OBJECT_CONVERSION = YES_AGGRESSIVE;
				CLANG_CXX_LANGUAGE_STANDARD = "gnu++20";
				CLANG_ENABLE_MODULES = YES;
				CLANG_ENABLE_OBJC_ARC = YES;
				CLANG_ENABLE_OBJC_WEAK = YES;
				CLANG_WARN_BLOCK_CAPTURE_AUTORELEASING = YES;
				CLANG_WARN_BOOL_CONVERSION = YES;
				CLANG_WARN_COMMA = YES;
				CLANG_WARN_CONSTANT_CONVERSION = YES;
				CLANG_WARN_DEPRECATED_OBJC_IMPLEMENTATIONS = YES;
				CLANG_WARN_DIRECT_OBJC_ISA_USAGE = YES_ERROR;
				CLANG_WARN_DOCUMENTATION_COMMENTS = YES;
				CLANG_WARN_EMPTY_BODY = YES;
				CLANG_WARN_ENUM_CONVERSION = YES;
				CLANG_WARN_INFINITE_RECURSION = YES;
				CLANG_WARN_INT_CONVERSION = YES;
				CLANG_WARN_NON_LITERAL_NULL_CONVERSION = YES;
				CLANG_WARN_OBJC_IMPLICIT_RETAIN_SELF = YES;
				CLANG_WARN_OBJC_LITERAL_CONVERSION = YES;
				CLANG_WARN_OBJC_ROOT_CLASS = YES_ERROR;
				CLANG_WARN_QUOTED_INCLUDE_IN_FRAMEWORK_HEADER = YES;
				CLANG_WARN_RANGE_LOOP_ANALYSIS = YES;
				CLANG_WARN_STRICT_PROTOTYPES = YES;
				CLANG_WARN_SUSPICIOUS_MOVE = YES;
				CLANG_WARN_UNGUARDED_AVAILABILITY = YES_AGGRESSIVE;
				CLANG_WARN_UNREACHABLE_CODE = YES;
				CLANG_WARN__DUPLICATE_METHOD_MATCH = YES;
				COPY_PHASE_STRIP = NO;
				DEBUG_INFORMATION_FORMAT = dwarf;
				ENABLE_STRICT_OBJC_MSGSEND = YES;
				ENABLE_TESTABILITY = YES;
				GCC_C_LANGUAGE_STANDARD = gnu11;
				GCC_DYNAMIC_NO_PIC = NO;
				GCC_NO_COMMON_BLOCKS = YES;
				GCC_OPTIMIZATION_LEVEL = 0;
				GCC_PREPROCESSOR_DEFINITIONS = (
					"DEBUG=1",
					"$(inherited)",
				);
				GCC_WARN_64_TO_32_BIT_CONVERSION = YES;
				GCC_WARN_ABOUT_RETURN_TYPE = YES_ERROR;
				GCC_WARN_UNDECLARED_SELECTOR = YES;
				GCC_WARN_UNINITIALIZED_AUTOS = YES_AGGRESSIVE;
				GCC_WARN_UNUSED_FUNCTION = YES;
				GCC_WARN_UNUSED_VARIABLE = YES;
				IPHONEOS_DEPLOYMENT_TARGET = 16.2;
				MTL_ENABLE_DEBUG_INFO = INCLUDE_SOURCE;
				MTL_FAST_MATH = YES;
				ONLY_ACTIVE_ARCH = YES;
				SDKROOT = iphoneos;
				SWIFT_ACTIVE_COMPILATION_CONDITIONS = DEBUG;
				SWIFT_OPTIMIZATION_LEVEL = "-Onone";
			};
			name = Debug;
		};
		B562D42429D56EF100C56A2F /* Release */ = {
			isa = XCBuildConfiguration;
			buildSettings = {
				ALWAYS_SEARCH_USER_PATHS = NO;
				CLANG_ANALYZER_NONNULL = YES;
				CLANG_ANALYZER_NUMBER_OBJECT_CONVERSION = YES_AGGRESSIVE;
				CLANG_CXX_LANGUAGE_STANDARD = "gnu++20";
				CLANG_ENABLE_MODULES = YES;
				CLANG_ENABLE_OBJC_ARC = YES;
				CLANG_ENABLE_OBJC_WEAK = YES;
				CLANG_WARN_BLOCK_CAPTURE_AUTORELEASING = YES;
				CLANG_WARN_BOOL_CONVERSION = YES;
				CLANG_WARN_COMMA = YES;
				CLANG_WARN_CONSTANT_CONVERSION = YES;
				CLANG_WARN_DEPRECATED_OBJC_IMPLEMENTATIONS = YES;
				CLANG_WARN_DIRECT_OBJC_ISA_USAGE = YES_ERROR;
				CLANG_WARN_DOCUMENTATION_COMMENTS = YES;
				CLANG_WARN_EMPTY_BODY = YES;
				CLANG_WARN_ENUM_CONVERSION = YES;
				CLANG_WARN_INFINITE_RECURSION = YES;
				CLANG_WARN_INT_CONVERSION = YES;
				CLANG_WARN_NON_LITERAL_NULL_CONVERSION = YES;
				CLANG_WARN_OBJC_IMPLICIT_RETAIN_SELF = YES;
				CLANG_WARN_OBJC_LITERAL_CONVERSION = YES;
				CLANG_WARN_OBJC_ROOT_CLASS = YES_ERROR;
				CLANG_WARN_QUOTED_INCLUDE_IN_FRAMEWORK_HEADER = YES;
				CLANG_WARN_RANGE_LOOP_ANALYSIS = YES;
				CLANG_WARN_STRICT_PROTOTYPES = YES;
				CLANG_WARN_SUSPICIOUS_MOVE = YES;
				CLANG_WARN_UNGUARDED_AVAILABILITY = YES_AGGRESSIVE;
				CLANG_WARN_UNREACHABLE_CODE = YES;
				CLANG_WARN__DUPLICATE_METHOD_MATCH = YES;
				COPY_PHASE_STRIP = NO;
				DEBUG_INFORMATION_FORMAT = "dwarf-with-dsym";
				ENABLE_NS_ASSERTIONS = NO;
				ENABLE_STRICT_OBJC_MSGSEND = YES;
				GCC_C_LANGUAGE_STANDARD = gnu11;
				GCC_NO_COMMON_BLOCKS = YES;
				GCC_WARN_64_TO_32_BIT_CONVERSION = YES;
				GCC_WARN_ABOUT_RETURN_TYPE = YES_ERROR;
				GCC_WARN_UNDECLARED_SELECTOR = YES;
				GCC_WARN_UNINITIALIZED_AUTOS = YES_AGGRESSIVE;
				GCC_WARN_UNUSED_FUNCTION = YES;
				GCC_WARN_UNUSED_VARIABLE = YES;
				IPHONEOS_DEPLOYMENT_TARGET = 16.2;
				MTL_ENABLE_DEBUG_INFO = NO;
				MTL_FAST_MATH = YES;
				SDKROOT = iphoneos;
				SWIFT_COMPILATION_MODE = wholemodule;
				SWIFT_OPTIMIZATION_LEVEL = "-O";
				VALIDATE_PRODUCT = YES;
			};
			name = Release;
		};
		B562D42629D56EF100C56A2F /* Debug */ = {
			isa = XCBuildConfiguration;
			baseConfigurationReference = ECAEB1DB2FE4DCE2158142D9 /* Pods-InstagramClone.debug.xcconfig */;
			buildSettings = {
				ASSETCATALOG_COMPILER_APPICON_NAME = AppIcon;
				ASSETCATALOG_COMPILER_GLOBAL_ACCENT_COLOR_NAME = AccentColor;
				CODE_SIGN_STYLE = Automatic;
				CURRENT_PROJECT_VERSION = 1;
				GENERATE_INFOPLIST_FILE = YES;
				INFOPLIST_FILE = InstagramClone/Info.plist;
				INFOPLIST_KEY_UIApplicationSupportsIndirectInputEvents = YES;
				INFOPLIST_KEY_UILaunchStoryboardName = LaunchScreen;
				INFOPLIST_KEY_UIMainStoryboardFile = Main;
				INFOPLIST_KEY_UISupportedInterfaceOrientations = UIInterfaceOrientationPortrait;
				INFOPLIST_KEY_UISupportedInterfaceOrientations_iPad = "UIInterfaceOrientationLandscapeLeft UIInterfaceOrientationLandscapeRight UIInterfaceOrientationPortrait UIInterfaceOrientationPortraitUpsideDown";
				LD_RUNPATH_SEARCH_PATHS = (
					"$(inherited)",
					"@executable_path/Frameworks",
				);
				MARKETING_VERSION = 1.0;
				PRODUCT_BUNDLE_IDENTIFIER = MmtDrn.InstagramClone;
				PRODUCT_NAME = "$(TARGET_NAME)";
				SWIFT_EMIT_LOC_STRINGS = YES;
				SWIFT_VERSION = 5.0;
				TARGETED_DEVICE_FAMILY = "1,2";
			};
			name = Debug;
		};
		B562D42729D56EF100C56A2F /* Release */ = {
			isa = XCBuildConfiguration;
			baseConfigurationReference = 7EF64EB41F50D7D6769C4DE7 /* Pods-InstagramClone.release.xcconfig */;
			buildSettings = {
				ASSETCATALOG_COMPILER_APPICON_NAME = AppIcon;
				ASSETCATALOG_COMPILER_GLOBAL_ACCENT_COLOR_NAME = AccentColor;
				CODE_SIGN_STYLE = Automatic;
				CURRENT_PROJECT_VERSION = 1;
				GENERATE_INFOPLIST_FILE = YES;
				INFOPLIST_FILE = InstagramClone/Info.plist;
				INFOPLIST_KEY_UIApplicationSupportsIndirectInputEvents = YES;
				INFOPLIST_KEY_UILaunchStoryboardName = LaunchScreen;
				INFOPLIST_KEY_UIMainStoryboardFile = Main;
				INFOPLIST_KEY_UISupportedInterfaceOrientations = UIInterfaceOrientationPortrait;
				INFOPLIST_KEY_UISupportedInterfaceOrientations_iPad = "UIInterfaceOrientationLandscapeLeft UIInterfaceOrientationLandscapeRight UIInterfaceOrientationPortrait UIInterfaceOrientationPortraitUpsideDown";
				LD_RUNPATH_SEARCH_PATHS = (
					"$(inherited)",
					"@executable_path/Frameworks",
				);
				MARKETING_VERSION = 1.0;
				PRODUCT_BUNDLE_IDENTIFIER = MmtDrn.InstagramClone;
				PRODUCT_NAME = "$(TARGET_NAME)";
				SWIFT_EMIT_LOC_STRINGS = YES;
				SWIFT_VERSION = 5.0;
				TARGETED_DEVICE_FAMILY = "1,2";
			};
			name = Release;
		};
		B562D42929D56EF100C56A2F /* Debug */ = {
			isa = XCBuildConfiguration;
			baseConfigurationReference = F162001C688EFC274E816AC8 /* Pods-InstagramCloneTests.debug.xcconfig */;
			buildSettings = {
				ALWAYS_EMBED_SWIFT_STANDARD_LIBRARIES = YES;
				BUNDLE_LOADER = "$(TEST_HOST)";
				CODE_SIGN_STYLE = Automatic;
				CURRENT_PROJECT_VERSION = 1;
				GENERATE_INFOPLIST_FILE = YES;
				IPHONEOS_DEPLOYMENT_TARGET = 16.2;
				MARKETING_VERSION = 1.0;
				PRODUCT_BUNDLE_IDENTIFIER = MmtDrn.InstagramCloneTests;
				PRODUCT_NAME = "$(TARGET_NAME)";
				SWIFT_EMIT_LOC_STRINGS = NO;
				SWIFT_VERSION = 5.0;
				TARGETED_DEVICE_FAMILY = "1,2";
				TEST_HOST = "$(BUILT_PRODUCTS_DIR)/InstagramClone.app/$(BUNDLE_EXECUTABLE_FOLDER_PATH)/InstagramClone";
			};
			name = Debug;
		};
		B562D42A29D56EF100C56A2F /* Release */ = {
			isa = XCBuildConfiguration;
			baseConfigurationReference = D6CC2F650D68285A04048AD9 /* Pods-InstagramCloneTests.release.xcconfig */;
			buildSettings = {
				ALWAYS_EMBED_SWIFT_STANDARD_LIBRARIES = YES;
				BUNDLE_LOADER = "$(TEST_HOST)";
				CODE_SIGN_STYLE = Automatic;
				CURRENT_PROJECT_VERSION = 1;
				GENERATE_INFOPLIST_FILE = YES;
				IPHONEOS_DEPLOYMENT_TARGET = 16.2;
				MARKETING_VERSION = 1.0;
				PRODUCT_BUNDLE_IDENTIFIER = MmtDrn.InstagramCloneTests;
				PRODUCT_NAME = "$(TARGET_NAME)";
				SWIFT_EMIT_LOC_STRINGS = NO;
				SWIFT_VERSION = 5.0;
				TARGETED_DEVICE_FAMILY = "1,2";
				TEST_HOST = "$(BUILT_PRODUCTS_DIR)/InstagramClone.app/$(BUNDLE_EXECUTABLE_FOLDER_PATH)/InstagramClone";
			};
			name = Release;
		};
		B562D42C29D56EF100C56A2F /* Debug */ = {
			isa = XCBuildConfiguration;
			baseConfigurationReference = CE10173225DCA337DF4561A0 /* Pods-InstagramClone-InstagramCloneUITests.debug.xcconfig */;
			buildSettings = {
				ALWAYS_EMBED_SWIFT_STANDARD_LIBRARIES = YES;
				CODE_SIGN_STYLE = Automatic;
				CURRENT_PROJECT_VERSION = 1;
				GENERATE_INFOPLIST_FILE = YES;
				MARKETING_VERSION = 1.0;
				PRODUCT_BUNDLE_IDENTIFIER = MmtDrn.InstagramCloneUITests;
				PRODUCT_NAME = "$(TARGET_NAME)";
				SWIFT_EMIT_LOC_STRINGS = NO;
				SWIFT_VERSION = 5.0;
				TARGETED_DEVICE_FAMILY = "1,2";
				TEST_TARGET_NAME = InstagramClone;
			};
			name = Debug;
		};
		B562D42D29D56EF100C56A2F /* Release */ = {
			isa = XCBuildConfiguration;
			baseConfigurationReference = 1A48D74AB92AA3B5E15995D8 /* Pods-InstagramClone-InstagramCloneUITests.release.xcconfig */;
			buildSettings = {
				ALWAYS_EMBED_SWIFT_STANDARD_LIBRARIES = YES;
				CODE_SIGN_STYLE = Automatic;
				CURRENT_PROJECT_VERSION = 1;
				GENERATE_INFOPLIST_FILE = YES;
				MARKETING_VERSION = 1.0;
				PRODUCT_BUNDLE_IDENTIFIER = MmtDrn.InstagramCloneUITests;
				PRODUCT_NAME = "$(TARGET_NAME)";
				SWIFT_EMIT_LOC_STRINGS = NO;
				SWIFT_VERSION = 5.0;
				TARGETED_DEVICE_FAMILY = "1,2";
				TEST_TARGET_NAME = InstagramClone;
			};
			name = Release;
		};
/* End XCBuildConfiguration section */

/* Begin XCConfigurationList section */
		B562D3F629D56EF000C56A2F /* Build configuration list for PBXProject "InstagramClone" */ = {
			isa = XCConfigurationList;
			buildConfigurations = (
				B562D42329D56EF100C56A2F /* Debug */,
				B562D42429D56EF100C56A2F /* Release */,
			);
			defaultConfigurationIsVisible = 0;
			defaultConfigurationName = Release;
		};
		B562D42529D56EF100C56A2F /* Build configuration list for PBXNativeTarget "InstagramClone" */ = {
			isa = XCConfigurationList;
			buildConfigurations = (
				B562D42629D56EF100C56A2F /* Debug */,
				B562D42729D56EF100C56A2F /* Release */,
			);
			defaultConfigurationIsVisible = 0;
			defaultConfigurationName = Release;
		};
		B562D42829D56EF100C56A2F /* Build configuration list for PBXNativeTarget "InstagramCloneTests" */ = {
			isa = XCConfigurationList;
			buildConfigurations = (
				B562D42929D56EF100C56A2F /* Debug */,
				B562D42A29D56EF100C56A2F /* Release */,
			);
			defaultConfigurationIsVisible = 0;
			defaultConfigurationName = Release;
		};
		B562D42B29D56EF100C56A2F /* Build configuration list for PBXNativeTarget "InstagramCloneUITests" */ = {
			isa = XCConfigurationList;
			buildConfigurations = (
				B562D42C29D56EF100C56A2F /* Debug */,
				B562D42D29D56EF100C56A2F /* Release */,
			);
			defaultConfigurationIsVisible = 0;
			defaultConfigurationName = Release;
		};
/* End XCConfigurationList section */
	};
	rootObject = B562D3F329D56EF000C56A2F /* Project object */;
}
